// !$*UTF8*$!
{
	archiveVersion = 1;
	classes = {
	};
	objectVersion = 46;
	objects = {

/* Begin PBXBuildFile section */
		562CF22E1B95B80900F53479 /* main.m in Sources */ = {isa = PBXBuildFile; fileRef = 562CF22D1B95B80900F53479 /* main.m */; };
		562CF2311B95B80900F53479 /* AppDelegate.m in Sources */ = {isa = PBXBuildFile; fileRef = 562CF2301B95B80900F53479 /* AppDelegate.m */; };
		562CF2391B95B80900F53479 /* Images.xcassets in Resources */ = {isa = PBXBuildFile; fileRef = 562CF2381B95B80900F53479 /* Images.xcassets */; };
		562CF23C1B95B80900F53479 /* LaunchScreen.xib in Resources */ = {isa = PBXBuildFile; fileRef = 562CF23A1B95B80900F53479 /* LaunchScreen.xib */; };
		562CF2481B95B80900F53479 /* _____Tests.m in Sources */ = {isa = PBXBuildFile; fileRef = 562CF2471B95B80900F53479 /* _____Tests.m */; };
		562CF2531B95C36B00F53479 /* XWTabBarController.m in Sources */ = {isa = PBXBuildFile; fileRef = 562CF2521B95C36B00F53479 /* XWTabBarController.m */; };
/* End PBXBuildFile section */

/* Begin PBXContainerItemProxy section */
		562CF2421B95B80900F53479 /* PBXContainerItemProxy */ = {
			isa = PBXContainerItemProxy;
			containerPortal = 562CF2201B95B80900F53479 /* Project object */;
			proxyType = 1;
			remoteGlobalIDString = 562CF2271B95B80900F53479;
			remoteInfo = "百思不得姐";
		};
/* End PBXContainerItemProxy section */

/* Begin PBXFileReference section */
		562CF2281B95B80900F53479 /* 百思不得姐.app */ = {isa = PBXFileReference; explicitFileType = wrapper.application; includeInIndex = 0; path = "百思不得姐.app"; sourceTree = BUILT_PRODUCTS_DIR; };
		562CF22C1B95B80900F53479 /* Info.plist */ = {isa = PBXFileReference; lastKnownFileType = text.plist.xml; path = Info.plist; sourceTree = "<group>"; };
		562CF22D1B95B80900F53479 /* main.m */ = {isa = PBXFileReference; lastKnownFileType = sourcecode.c.objc; path = main.m; sourceTree = "<group>"; };
		562CF22F1B95B80900F53479 /* AppDelegate.h */ = {isa = PBXFileReference; lastKnownFileType = sourcecode.c.h; path = AppDelegate.h; sourceTree = "<group>"; };
		562CF2301B95B80900F53479 /* AppDelegate.m */ = {isa = PBXFileReference; lastKnownFileType = sourcecode.c.objc; path = AppDelegate.m; sourceTree = "<group>"; };
		562CF2381B95B80900F53479 /* Images.xcassets */ = {isa = PBXFileReference; lastKnownFileType = folder.assetcatalog; path = Images.xcassets; sourceTree = "<group>"; };
		562CF23B1B95B80900F53479 /* Base */ = {isa = PBXFileReference; lastKnownFileType = file.xib; name = Base; path = Base.lproj/LaunchScreen.xib; sourceTree = "<group>"; };
		562CF2411B95B80900F53479 /* 百思不得姐Tests.xctest */ = {isa = PBXFileReference; explicitFileType = wrapper.cfbundle; includeInIndex = 0; path = "百思不得姐Tests.xctest"; sourceTree = BUILT_PRODUCTS_DIR; };
		562CF2461B95B80900F53479 /* Info.plist */ = {isa = PBXFileReference; lastKnownFileType = text.plist.xml; path = Info.plist; sourceTree = "<group>"; };
		562CF2471B95B80900F53479 /* _____Tests.m */ = {isa = PBXFileReference; lastKnownFileType = sourcecode.c.objc; path = "_____Tests.m"; sourceTree = "<group>"; };
		562CF2511B95C36B00F53479 /* XWTabBarController.h */ = {isa = PBXFileReference; fileEncoding = 4; lastKnownFileType = sourcecode.c.h; name = XWTabBarController.h; path = ../XWTabBarController.h; sourceTree = "<group>"; };
		562CF2521B95C36B00F53479 /* XWTabBarController.m */ = {isa = PBXFileReference; fileEncoding = 4; lastKnownFileType = sourcecode.c.objc; name = XWTabBarController.m; path = ../XWTabBarController.m; sourceTree = "<group>"; };
/* End PBXFileReference section */

/* Begin PBXFrameworksBuildPhase section */
		562CF2251B95B80900F53479 /* Frameworks */ = {
			isa = PBXFrameworksBuildPhase;
			buildActionMask = 2147483647;
			files = (
			);
			runOnlyForDeploymentPostprocessing = 0;
		};
		562CF23E1B95B80900F53479 /* Frameworks */ = {
			isa = PBXFrameworksBuildPhase;
			buildActionMask = 2147483647;
			files = (
			);
			runOnlyForDeploymentPostprocessing = 0;
		};
/* End PBXFrameworksBuildPhase section */

/* Begin PBXGroup section */
		562CF21F1B95B80900F53479 = {
			isa = PBXGroup;
			children = (
				562CF22A1B95B80900F53479 /* 百思不得姐 */,
				562CF2441B95B80900F53479 /* 百思不得姐Tests */,
				562CF2291B95B80900F53479 /* Products */,
			);
			sourceTree = "<group>";
		};
		562CF2291B95B80900F53479 /* Products */ = {
			isa = PBXGroup;
			children = (
				562CF2281B95B80900F53479 /* 百思不得姐.app */,
				562CF2411B95B80900F53479 /* 百思不得姐Tests.xctest */,
			);
			name = Products;
			sourceTree = "<group>";
		};
		562CF22A1B95B80900F53479 /* 百思不得姐 */ = {
			isa = PBXGroup;
			children = (
				562CF22F1B95B80900F53479 /* AppDelegate.h */,
				562CF2301B95B80900F53479 /* AppDelegate.m */,
				562CF2511B95C36B00F53479 /* XWTabBarController.h */,
				562CF2521B95C36B00F53479 /* XWTabBarController.m */,
				562CF2381B95B80900F53479 /* Images.xcassets */,
				562CF23A1B95B80900F53479 /* LaunchScreen.xib */,
				562CF22B1B95B80900F53479 /* Supporting Files */,
			);
			path = "百思不得姐";
			sourceTree = "<group>";
		};
		562CF22B1B95B80900F53479 /* Supporting Files */ = {
			isa = PBXGroup;
			children = (
				562CF22C1B95B80900F53479 /* Info.plist */,
				562CF22D1B95B80900F53479 /* main.m */,
			);
			name = "Supporting Files";
			sourceTree = "<group>";
		};
		562CF2441B95B80900F53479 /* 百思不得姐Tests */ = {
			isa = PBXGroup;
			children = (
				562CF2471B95B80900F53479 /* _____Tests.m */,
				562CF2451B95B80900F53479 /* Supporting Files */,
			);
			path = "百思不得姐Tests";
			sourceTree = "<group>";
		};
		562CF2451B95B80900F53479 /* Supporting Files */ = {
			isa = PBXGroup;
			children = (
				562CF2461B95B80900F53479 /* Info.plist */,
			);
			name = "Supporting Files";
			sourceTree = "<group>";
		};
/* End PBXGroup section */

/* Begin PBXNativeTarget section */
		562CF2271B95B80900F53479 /* 百思不得姐 */ = {
			isa = PBXNativeTarget;
			buildConfigurationList = 562CF24B1B95B80900F53479 /* Build configuration list for PBXNativeTarget "百思不得姐" */;
			buildPhases = (
				562CF2241B95B80900F53479 /* Sources */,
				562CF2251B95B80900F53479 /* Frameworks */,
				562CF2261B95B80900F53479 /* Resources */,
			);
			buildRules = (
			);
			dependencies = (
			);
			name = "百思不得姐";
			productName = "百思不得姐";
			productReference = 562CF2281B95B80900F53479 /* 百思不得姐.app */;
			productType = "com.apple.product-type.application";
		};
		562CF2401B95B80900F53479 /* 百思不得姐Tests */ = {
			isa = PBXNativeTarget;
			buildConfigurationList = 562CF24E1B95B80900F53479 /* Build configuration list for PBXNativeTarget "百思不得姐Tests" */;
			buildPhases = (
				562CF23D1B95B80900F53479 /* Sources */,
				562CF23E1B95B80900F53479 /* Frameworks */,
				562CF23F1B95B80900F53479 /* Resources */,
			);
			buildRules = (
			);
			dependencies = (
				562CF2431B95B80900F53479 /* PBXTargetDependency */,
			);
			name = "百思不得姐Tests";
			productName = "百思不得姐Tests";
			productReference = 562CF2411B95B80900F53479 /* 百思不得姐Tests.xctest */;
			productType = "com.apple.product-type.bundle.unit-test";
		};
/* End PBXNativeTarget section */

/* Begin PBXProject section */
		562CF2201B95B80900F53479 /* Project object */ = {
			isa = PBXProject;
			attributes = {
				CLASSPREFIX = I;
				LastUpgradeCheck = 0640;
				ORGANIZATIONNAME = longxianwen;
				TargetAttributes = {
					562CF2271B95B80900F53479 = {
						CreatedOnToolsVersion = 6.4;
					};
					562CF2401B95B80900F53479 = {
						CreatedOnToolsVersion = 6.4;
						TestTargetID = 562CF2271B95B80900F53479;
					};
				};
			};
			buildConfigurationList = 562CF2231B95B80900F53479 /* Build configuration list for PBXProject "百思不得姐" */;
			compatibilityVersion = "Xcode 3.2";
			developmentRegion = English;
			hasScannedForEncodings = 0;
			knownRegions = (
				en,
				Base,
			);
			mainGroup = 562CF21F1B95B80900F53479;
			productRefGroup = 562CF2291B95B80900F53479 /* Products */;
			projectDirPath = "";
			projectRoot = "";
			targets = (
				562CF2271B95B80900F53479 /* 百思不得姐 */,
				562CF2401B95B80900F53479 /* 百思不得姐Tests */,
			);
		};
/* End PBXProject section */

/* Begin PBXResourcesBuildPhase section */
		562CF2261B95B80900F53479 /* Resources */ = {
			isa = PBXResourcesBuildPhase;
			buildActionMask = 2147483647;
			files = (
				562CF23C1B95B80900F53479 /* LaunchScreen.xib in Resources */,
				562CF2391B95B80900F53479 /* Images.xcassets in Resources */,
			);
			runOnlyForDeploymentPostprocessing = 0;
		};
		562CF23F1B95B80900F53479 /* Resources */ = {
			isa = PBXResourcesBuildPhase;
			buildActionMask = 2147483647;
			files = (
			);
			runOnlyForDeploymentPostprocessing = 0;
		};
/* End PBXResourcesBuildPhase section */

/* Begin PBXSourcesBuildPhase section */
		562CF2241B95B80900F53479 /* Sources */ = {
			isa = PBXSourcesBuildPhase;
			buildActionMask = 2147483647;
			files = (
				562CF2311B95B80900F53479 /* AppDelegate.m in Sources */,
				562CF2531B95C36B00F53479 /* XWTabBarController.m in Sources */,
				562CF22E1B95B80900F53479 /* main.m in Sources */,
			);
			runOnlyForDeploymentPostprocessing = 0;
		};
		562CF23D1B95B80900F53479 /* Sources */ = {
			isa = PBXSourcesBuildPhase;
			buildActionMask = 2147483647;
			files = (
				562CF2481B95B80900F53479 /* _____Tests.m in Sources */,
			);
			runOnlyForDeploymentPostprocessing = 0;
		};
/* End PBXSourcesBuildPhase section */

/* Begin PBXTargetDependency section */
		562CF2431B95B80900F53479 /* PBXTargetDependency */ = {
			isa = PBXTargetDependency;
			target = 562CF2271B95B80900F53479 /* 百思不得姐 */;
			targetProxy = 562CF2421B95B80900F53479 /* PBXContainerItemProxy */;
		};
/* End PBXTargetDependency section */

/* Begin PBXVariantGroup section */
		562CF23A1B95B80900F53479 /* LaunchScreen.xib */ = {
			isa = PBXVariantGroup;
			children = (
				562CF23B1B95B80900F53479 /* Base */,
			);
			name = LaunchScreen.xib;
			sourceTree = "<group>";
		};
/* End PBXVariantGroup section */

/* Begin XCBuildConfiguration section */
		562CF2491B95B80900F53479 /* Debug */ = {
			isa = XCBuildConfiguration;
			buildSettings = {
				ALWAYS_SEARCH_USER_PATHS = NO;
				CLANG_CXX_LANGUAGE_STANDARD = "gnu++0x";
				CLANG_CXX_LIBRARY = "libc++";
				CLANG_ENABLE_MODULES = YES;
				CLANG_ENABLE_OBJC_ARC = YES;
				CLANG_WARN_BOOL_CONVERSION = YES;
				CLANG_WARN_CONSTANT_CONVERSION = YES;
				CLANG_WARN_DIRECT_OBJC_ISA_USAGE = YES_ERROR;
				CLANG_WARN_EMPTY_BODY = YES;
				CLANG_WARN_ENUM_CONVERSION = YES;
				CLANG_WARN_INT_CONVERSION = YES;
				CLANG_WARN_OBJC_ROOT_CLASS = YES_ERROR;
				CLANG_WARN_UNREACHABLE_CODE = YES;
				CLANG_WARN__DUPLICATE_METHOD_MATCH = YES;
				"CODE_SIGN_IDENTITY[sdk=iphoneos*]" = "iPhone Developer";
				COPY_PHASE_STRIP = NO;
				DEBUG_INFORMATION_FORMAT = "dwarf-with-dsym";
				ENABLE_STRICT_OBJC_MSGSEND = YES;
				GCC_C_LANGUAGE_STANDARD = gnu99;
				GCC_DYNAMIC_NO_PIC = NO;
				GCC_NO_COMMON_BLOCKS = YES;
				GCC_OPTIMIZATION_LEVEL = 0;
				GCC_PREPROCESSOR_DEFINITIONS = (
					"DEBUG=1",
					"$(inherited)",
				);
				GCC_SYMBOLS_PRIVATE_EXTERN = NO;
				GCC_WARN_64_TO_32_BIT_CONVERSION = YES;
				GCC_WARN_ABOUT_RETURN_TYPE = YES_ERROR;
				GCC_WARN_UNDECLARED_SELECTOR = YES;
				GCC_WARN_UNINITIALIZED_AUTOS = YES_AGGRESSIVE;
				GCC_WARN_UNUSED_FUNCTION = YES;
				GCC_WARN_UNUSED_VARIABLE = YES;
				IPHONEOS_DEPLOYMENT_TARGET = 8.4;
				MTL_ENABLE_DEBUG_INFO = YES;
				ONLY_ACTIVE_ARCH = YES;
				SDKROOT = iphoneos;
			};
			name = Debug;
		};
		562CF24A1B95B80900F53479 /* Release */ = {
			isa = XCBuildConfiguration;
			buildSettings = {
				ALWAYS_SEARCH_USER_PATHS = NO;
				CLANG_CXX_LANGUAGE_STANDARD = "gnu++0x";
				CLANG_CXX_LIBRARY = "libc++";
				CLANG_ENABLE_MODULES = YES;
				CLANG_ENABLE_OBJC_ARC = YES;
				CLANG_WARN_BOOL_CONVERSION = YES;
				CLANG_WARN_CONSTANT_CONVERSION = YES;
				CLANG_WARN_DIRECT_OBJC_ISA_USAGE = YES_ERROR;
				CLANG_WARN_EMPTY_BODY = YES;
				CLANG_WARN_ENUM_CONVERSION = YES;
				CLANG_WARN_INT_CONVERSION = YES;
				CLANG_WARN_OBJC_ROOT_CLASS = YES_ERROR;
				CLANG_WARN_UNREACHABLE_CODE = YES;
				CLANG_WARN__DUPLICATE_METHOD_MATCH = YES;
				"CODE_SIGN_IDENTITY[sdk=iphoneos*]" = "iPhone Developer";
				COPY_PHASE_STRIP = NO;
				DEBUG_INFORMATION_FORMAT = "dwarf-with-dsym";
				ENABLE_NS_ASSERTIONS = NO;
				ENABLE_STRICT_OBJC_MSGSEND = YES;
				GCC_C_LANGUAGE_STANDARD = gnu99;
				GCC_NO_COMMON_BLOCKS = YES;
				GCC_WARN_64_TO_32_BIT_CONVERSION = YES;
				GCC_WARN_ABOUT_RETURN_TYPE = YES_ERROR;
				GCC_WARN_UNDECLARED_SELECTOR = YES;
				GCC_WARN_UNINITIALIZED_AUTOS = YES_AGGRESSIVE;
				GCC_WARN_UNUSED_FUNCTION = YES;
				GCC_WARN_UNUSED_VARIABLE = YES;
				IPHONEOS_DEPLOYMENT_TARGET = 8.4;
				MTL_ENABLE_DEBUG_INFO = NO;
				SDKROOT = iphoneos;
				VALIDATE_PRODUCT = YES;
			};
			name = Release;
		};
		562CF24C1B95B80900F53479 /* Debug */ = {
			isa = XCBuildConfiguration;
			buildSettings = {
				ASSETCATALOG_COMPILER_APPICON_NAME = AppIcon;
				ASSETCATALOG_COMPILER_LAUNCHIMAGE_NAME = LaunchImage;
				INFOPLIST_FILE = "百思不得姐/Info.plist";
				LD_RUNPATH_SEARCH_PATHS = "$(inherited) @executable_path/Frameworks";
				PRODUCT_NAME = "$(TARGET_NAME)";
			};
			name = Debug;
		};
		562CF24D1B95B80900F53479 /* Release */ = {
			isa = XCBuildConfiguration;
			buildSettings = {
				ASSETCATALOG_COMPILER_APPICON_NAME = AppIcon;
				ASSETCATALOG_COMPILER_LAUNCHIMAGE_NAME = LaunchImage;
				INFOPLIST_FILE = "百思不得姐/Info.plist";
				LD_RUNPATH_SEARCH_PATHS = "$(inherited) @executable_path/Frameworks";
				PRODUCT_NAME = "$(TARGET_NAME)";
			};
			name = Release;
		};
		562CF24F1B95B80900F53479 /* Debug */ = {
			isa = XCBuildConfiguration;
			buildSettings = {
				BUNDLE_LOADER = "$(TEST_HOST)";
				FRAMEWORK_SEARCH_PATHS = (
					"$(SDKROOT)/Developer/Library/Frameworks",
					"$(inherited)",
				);
				GCC_PREPROCESSOR_DEFINITIONS = (
					"DEBUG=1",
					"$(inherited)",
				);
				INFOPLIST_FILE = "百思不得姐Tests/Info.plist";
				LD_RUNPATH_SEARCH_PATHS = "$(inherited) @executable_path/Frameworks @loader_path/Frameworks";
				PRODUCT_NAME = "$(TARGET_NAME)";
				TEST_HOST = "$(BUILT_PRODUCTS_DIR)/百思不得姐.app/百思不得姐";
			};
			name = Debug;
		};
		562CF2501B95B80900F53479 /* Release */ = {
			isa = XCBuildConfiguration;
			buildSettings = {
				BUNDLE_LOADER = "$(TEST_HOST)";
				FRAMEWORK_SEARCH_PATHS = (
					"$(SDKROOT)/Developer/Library/Frameworks",
					"$(inherited)",
				);
				INFOPLIST_FILE = "百思不得姐Tests/Info.plist";
				LD_RUNPATH_SEARCH_PATHS = "$(inherited) @executable_path/Frameworks @loader_path/Frameworks";
				PRODUCT_NAME = "$(TARGET_NAME)";
				TEST_HOST = "$(BUILT_PRODUCTS_DIR)/百思不得姐.app/百思不得姐";
			};
			name = Release;
		};
/* End XCBuildConfiguration section */

/* Begin XCConfigurationList section */
		562CF2231B95B80900F53479 /* Build configuration list for PBXProject "百思不得姐" */ = {
			isa = XCConfigurationList;
			buildConfigurations = (
				562CF2491B95B80900F53479 /* Debug */,
				562CF24A1B95B80900F53479 /* Release */,
			);
			defaultConfigurationIsVisible = 0;
			defaultConfigurationName = Release;
		};
		562CF24B1B95B80900F53479 /* Build configuration list for PBXNativeTarget "百思不得姐" */ = {
			isa = XCConfigurationList;
			buildConfigurations = (
				562CF24C1B95B80900F53479 /* Debug */,
				562CF24D1B95B80900F53479 /* Release */,
			);
			defaultConfigurationIsVisible = 0;
		};
		562CF24E1B95B80900F53479 /* Build configuration list for PBXNativeTarget "百思不得姐Tests" */ = {
			isa = XCConfigurationList;
			buildConfigurations = (
				562CF24F1B95B80900F53479 /* Debug */,
				562CF2501B95B80900F53479 /* Release */,
			);
			defaultConfigurationIsVisible = 0;
		};
/* End XCConfigurationList section */
	};
	rootObject = 562CF2201B95B80900F53479 /* Project object */;
}
