// !$*UTF8*$!
{
	archiveVersion = 1;
	classes = {
	};
	objectVersion = 46;
	objects = {

/* Begin PBXBuildFile section */
		561F32BA1BA146F1003A62ED /* XWClearCacheCell.m in Sources */ = {isa = PBXBuildFile; fileRef = 561F32B91BA146F1003A62ED /* XWClearCacheCell.m */; };
		562CF22E1B95B80900F53479 /* main.m in Sources */ = {isa = PBXBuildFile; fileRef = 562CF22D1B95B80900F53479 /* main.m */; };
		562CF2391B95B80900F53479 /* Images.xcassets in Resources */ = {isa = PBXBuildFile; fileRef = 562CF2381B95B80900F53479 /* Images.xcassets */; };
		562CF23C1B95B80900F53479 /* LaunchScreen.xib in Resources */ = {isa = PBXBuildFile; fileRef = 562CF23A1B95B80900F53479 /* LaunchScreen.xib */; };
		562CF2481B95B80900F53479 /* _____Tests.m in Sources */ = {isa = PBXBuildFile; fileRef = 562CF2471B95B80900F53479 /* _____Tests.m */; };
		5632FB831B9FCC2C009414E3 /* XWPublishViewController.m in Sources */ = {isa = PBXBuildFile; fileRef = 5632FB811B9FCC2C009414E3 /* XWPublishViewController.m */; };
		5632FB841B9FCC2C009414E3 /* XWPublishViewController.xib in Resources */ = {isa = PBXBuildFile; fileRef = 5632FB821B9FCC2C009414E3 /* XWPublishViewController.xib */; };
		5659823B1B9C2CAC000B150A /* XWRecommendTagCell.m in Sources */ = {isa = PBXBuildFile; fileRef = 565982391B9C2CAC000B150A /* XWRecommendTagCell.m */; };
		5659823C1B9C2CAC000B150A /* XWRecommendTagCell.xib in Resources */ = {isa = PBXBuildFile; fileRef = 5659823A1B9C2CAC000B150A /* XWRecommendTagCell.xib */; };
		5663F1C11B9DF747009A852D /* XWConst.m in Sources */ = {isa = PBXBuildFile; fileRef = 5663F1C01B9DF747009A852D /* XWConst.m */; };
		567A62DA1B9E832A00C4C24A /* XWMeCell.m in Sources */ = {isa = PBXBuildFile; fileRef = 567A62D91B9E832A00C4C24A /* XWMeCell.m */; };
		567A63121B9EB88100C4C24A /* XWFootView.m in Sources */ = {isa = PBXBuildFile; fileRef = 567A63111B9EB88100C4C24A /* XWFootView.m */; };
		567A63231B9ED67800C4C24A /* NSString+XWExtension.m in Sources */ = {isa = PBXBuildFile; fileRef = 567A63201B9ED67800C4C24A /* NSString+XWExtension.m */; };
		567A63261B9ED7B600C4C24A /* XWSquare.m in Sources */ = {isa = PBXBuildFile; fileRef = 567A63251B9ED7B600C4C24A /* XWSquare.m */; };
		56861F571B9EE39100EEC45C /* XWSquareButton.m in Sources */ = {isa = PBXBuildFile; fileRef = 56861F561B9EE39100EEC45C /* XWSquareButton.m */; };
		56861F5B1B9F12DD00EEC45C /* XWSquareWebViewController.m in Sources */ = {isa = PBXBuildFile; fileRef = 56861F591B9F12DD00EEC45C /* XWSquareWebViewController.m */; };
		56861F5C1B9F12DD00EEC45C /* XWSquareWebViewController.xib in Resources */ = {isa = PBXBuildFile; fileRef = 56861F5A1B9F12DD00EEC45C /* XWSquareWebViewController.xib */; };
		568F47A31B9B2B0D003F863F /* XWRecommendViewController.m in Sources */ = {isa = PBXBuildFile; fileRef = 568F47A11B9B2B0D003F863F /* XWRecommendViewController.m */; };
		568F47A41B9B2B0D003F863F /* XWRecommendViewController.xib in Resources */ = {isa = PBXBuildFile; fileRef = 568F47A21B9B2B0D003F863F /* XWRecommendViewController.xib */; };
		568F47A81B9B38F8003F863F /* XWRecommendCategoryCell.m in Sources */ = {isa = PBXBuildFile; fileRef = 568F47A61B9B38F8003F863F /* XWRecommendCategoryCell.m */; };
		568F47A91B9B38F8003F863F /* XWRecommendCategoryCell.xib in Resources */ = {isa = PBXBuildFile; fileRef = 568F47A71B9B38F8003F863F /* XWRecommendCategoryCell.xib */; };
		56954B511B9DA159006A82CC /* UIImage+XWExtension.m in Sources */ = {isa = PBXBuildFile; fileRef = 56954B501B9DA159006A82CC /* UIImage+XWExtension.m */; };
		56954B541B9DAAEB006A82CC /* UIImageView+XWImageView.m in Sources */ = {isa = PBXBuildFile; fileRef = 56954B531B9DAAEB006A82CC /* UIImageView+XWImageView.m */; };
		569B9FEC1B97EDD300B99DAD /* XWNavigationBar.m in Sources */ = {isa = PBXBuildFile; fileRef = 569B9FEB1B97EDD300B99DAD /* XWNavigationBar.m */; };
		569B9FF21B97F02900B99DAD /* XWNavigationController.m in Sources */ = {isa = PBXBuildFile; fileRef = 569B9FF11B97F02900B99DAD /* XWNavigationController.m */; };
		569B9FF61B99C6B300B99DAD /* XWFriendTrendsController.xib in Resources */ = {isa = PBXBuildFile; fileRef = 569B9FF51B99C6B300B99DAD /* XWFriendTrendsController.xib */; };
		569B9FFB1B99DD5A00B99DAD /* XWLoginRegisterViewController.xib in Resources */ = {isa = PBXBuildFile; fileRef = 569B9FF91B99DD5A00B99DAD /* XWLoginRegisterViewController.xib */; };
		569B9FFE1B99FD4800B99DAD /* XWQuickLoginButton.m in Sources */ = {isa = PBXBuildFile; fileRef = 569B9FFD1B99FD4800B99DAD /* XWQuickLoginButton.m */; };
		569BA0041B9A01ED00B99DAD /* UIView+XWExtension.m in Sources */ = {isa = PBXBuildFile; fileRef = 569BA0031B9A01ED00B99DAD /* UIView+XWExtension.m */; };
		569BA0061B9A8CEA00B99DAD /* XWLoginRegisterViewController.m in Sources */ = {isa = PBXBuildFile; fileRef = 569BA0051B9A8CEA00B99DAD /* XWLoginRegisterViewController.m */; };
		569BA0091B9A906100B99DAD /* XWLoginRegisterTextField.m in Sources */ = {isa = PBXBuildFile; fileRef = 569BA0081B9A906100B99DAD /* XWLoginRegisterTextField.m */; };
		56C1A8C91B9F46D700505537 /* Foundation+XWLog.m in Sources */ = {isa = PBXBuildFile; fileRef = 56C1A8C81B9F46D700505537 /* Foundation+XWLog.m */; };
		56CF7BFA1B9C5D8100C55818 /* XWRecommendTag.m in Sources */ = {isa = PBXBuildFile; fileRef = 56CF7BF91B9C5D8100C55818 /* XWRecommendTag.m */; };
		56F1FDDA1B96D23F00931FAB /* XWEssenceController.m in Sources */ = {isa = PBXBuildFile; fileRef = 56F1FDAD1B96D23F00931FAB /* XWEssenceController.m */; };
		56F1FDDB1B96D23F00931FAB /* XWRecommendTagsViewController.m in Sources */ = {isa = PBXBuildFile; fileRef = 56F1FDAF1B96D23F00931FAB /* XWRecommendTagsViewController.m */; };
		56F1FDDD1B96D23F00931FAB /* XWFriendTrendsController.m in Sources */ = {isa = PBXBuildFile; fileRef = 56F1FDB61B96D23F00931FAB /* XWFriendTrendsController.m */; };
		56F1FDDE1B96D23F00931FAB /* XWMeController.m in Sources */ = {isa = PBXBuildFile; fileRef = 56F1FDBC1B96D23F00931FAB /* XWMeController.m */; };
		56F1FDDF1B96D23F00931FAB /* XWSettingTableController.m in Sources */ = {isa = PBXBuildFile; fileRef = 56F1FDBE1B96D23F00931FAB /* XWSettingTableController.m */; };
		56F1FDE01B96D23F00931FAB /* XWNewController.m in Sources */ = {isa = PBXBuildFile; fileRef = 56F1FDC41B96D23F00931FAB /* XWNewController.m */; };
		56F1FDE11B96D23F00931FAB /* AppDelegate.m in Sources */ = {isa = PBXBuildFile; fileRef = 56F1FDC91B96D23F00931FAB /* AppDelegate.m */; };
		56F1FDE21B96D23F00931FAB /* UIBarButtonItem+XWExtension.m in Sources */ = {isa = PBXBuildFile; fileRef = 56F1FDCC1B96D23F00931FAB /* UIBarButtonItem+XWExtension.m */; };
		56F1FDE31B96D23F00931FAB /* XWTabBarController.m in Sources */ = {isa = PBXBuildFile; fileRef = 56F1FDCF1B96D23F00931FAB /* XWTabBarController.m */; };
		56F1FDE51B96D23F00931FAB /* XWTabBar.m in Sources */ = {isa = PBXBuildFile; fileRef = 56F1FDD51B96D23F00931FAB /* XWTabBar.m */; };
		BA171E1F095BA5DFB3B4EF5A /* libPods.a in Frameworks */ = {isa = PBXBuildFile; fileRef = 7D40E84653272F9AD4E80746 /* libPods.a */; };
/* End PBXBuildFile section */

/* Begin PBXContainerItemProxy section */
		562CF2421B95B80900F53479 /* PBXContainerItemProxy */ = {
			isa = PBXContainerItemProxy;
			containerPortal = 562CF2201B95B80900F53479 /* Project object */;
			proxyType = 1;
			remoteGlobalIDString = 562CF2271B95B80900F53479;
			remoteInfo = "百思不得姐";
		};
/* End PBXContainerItemProxy section */

/* Begin PBXFileReference section */
		5089E612325241562CE423BA /* Pods.release.xcconfig */ = {isa = PBXFileReference; includeInIndex = 1; lastKnownFileType = text.xcconfig; name = Pods.release.xcconfig; path = "Pods/Target Support Files/Pods/Pods.release.xcconfig"; sourceTree = "<group>"; };
		561F32B81BA146F1003A62ED /* XWClearCacheCell.h */ = {isa = PBXFileReference; fileEncoding = 4; lastKnownFileType = sourcecode.c.h; path = XWClearCacheCell.h; sourceTree = "<group>"; };
		561F32B91BA146F1003A62ED /* XWClearCacheCell.m */ = {isa = PBXFileReference; fileEncoding = 4; lastKnownFileType = sourcecode.c.objc; path = XWClearCacheCell.m; sourceTree = "<group>"; };
		562CF2281B95B80900F53479 /* 百思不得姐.app */ = {isa = PBXFileReference; explicitFileType = wrapper.application; includeInIndex = 0; path = "百思不得姐.app"; sourceTree = BUILT_PRODUCTS_DIR; };
		562CF22C1B95B80900F53479 /* Info.plist */ = {isa = PBXFileReference; lastKnownFileType = text.plist.xml; path = Info.plist; sourceTree = "<group>"; };
		562CF22D1B95B80900F53479 /* main.m */ = {isa = PBXFileReference; lastKnownFileType = sourcecode.c.objc; path = main.m; sourceTree = "<group>"; };
		562CF2381B95B80900F53479 /* Images.xcassets */ = {isa = PBXFileReference; lastKnownFileType = folder.assetcatalog; path = Images.xcassets; sourceTree = "<group>"; };
		562CF23B1B95B80900F53479 /* Base */ = {isa = PBXFileReference; lastKnownFileType = file.xib; name = Base; path = Base.lproj/LaunchScreen.xib; sourceTree = "<group>"; };
		562CF2411B95B80900F53479 /* 百思不得姐Tests.xctest */ = {isa = PBXFileReference; explicitFileType = wrapper.cfbundle; includeInIndex = 0; path = "百思不得姐Tests.xctest"; sourceTree = BUILT_PRODUCTS_DIR; };
		562CF2461B95B80900F53479 /* Info.plist */ = {isa = PBXFileReference; lastKnownFileType = text.plist.xml; path = Info.plist; sourceTree = "<group>"; };
		562CF2471B95B80900F53479 /* _____Tests.m */ = {isa = PBXFileReference; lastKnownFileType = sourcecode.c.objc; path = "_____Tests.m"; sourceTree = "<group>"; };
		5632FB801B9FCC2C009414E3 /* XWPublishViewController.h */ = {isa = PBXFileReference; fileEncoding = 4; lastKnownFileType = sourcecode.c.h; path = XWPublishViewController.h; sourceTree = "<group>"; };
		5632FB811B9FCC2C009414E3 /* XWPublishViewController.m */ = {isa = PBXFileReference; fileEncoding = 4; lastKnownFileType = sourcecode.c.objc; path = XWPublishViewController.m; sourceTree = "<group>"; };
		5632FB821B9FCC2C009414E3 /* XWPublishViewController.xib */ = {isa = PBXFileReference; fileEncoding = 4; lastKnownFileType = file.xib; path = XWPublishViewController.xib; sourceTree = "<group>"; };
		565982381B9C2CAC000B150A /* XWRecommendTagCell.h */ = {isa = PBXFileReference; fileEncoding = 4; lastKnownFileType = sourcecode.c.h; path = XWRecommendTagCell.h; sourceTree = "<group>"; };
		565982391B9C2CAC000B150A /* XWRecommendTagCell.m */ = {isa = PBXFileReference; fileEncoding = 4; lastKnownFileType = sourcecode.c.objc; path = XWRecommendTagCell.m; sourceTree = "<group>"; };
		5659823A1B9C2CAC000B150A /* XWRecommendTagCell.xib */ = {isa = PBXFileReference; fileEncoding = 4; lastKnownFileType = file.xib; path = XWRecommendTagCell.xib; sourceTree = "<group>"; };
		565DD1911B960225000B0CF3 /* PrefixHeader.pch */ = {isa = PBXFileReference; lastKnownFileType = sourcecode.c.h; path = PrefixHeader.pch; sourceTree = "<group>"; };
		5663F1BF1B9DF747009A852D /* XWConst.h */ = {isa = PBXFileReference; fileEncoding = 4; lastKnownFileType = sourcecode.c.h; path = XWConst.h; sourceTree = "<group>"; };
		5663F1C01B9DF747009A852D /* XWConst.m */ = {isa = PBXFileReference; fileEncoding = 4; lastKnownFileType = sourcecode.c.objc; path = XWConst.m; sourceTree = "<group>"; };
		567A62D81B9E832A00C4C24A /* XWMeCell.h */ = {isa = PBXFileReference; fileEncoding = 4; lastKnownFileType = sourcecode.c.h; path = XWMeCell.h; sourceTree = "<group>"; };
		567A62D91B9E832A00C4C24A /* XWMeCell.m */ = {isa = PBXFileReference; fileEncoding = 4; lastKnownFileType = sourcecode.c.objc; path = XWMeCell.m; sourceTree = "<group>"; };
		567A63101B9EB88100C4C24A /* XWFootView.h */ = {isa = PBXFileReference; fileEncoding = 4; lastKnownFileType = sourcecode.c.h; path = XWFootView.h; sourceTree = "<group>"; };
		567A63111B9EB88100C4C24A /* XWFootView.m */ = {isa = PBXFileReference; fileEncoding = 4; lastKnownFileType = sourcecode.c.objc; path = XWFootView.m; sourceTree = "<group>"; };
		567A631F1B9ED67800C4C24A /* NSString+XWExtension.h */ = {isa = PBXFileReference; fileEncoding = 4; lastKnownFileType = sourcecode.c.h; path = "NSString+XWExtension.h"; sourceTree = "<group>"; };
		567A63201B9ED67800C4C24A /* NSString+XWExtension.m */ = {isa = PBXFileReference; fileEncoding = 4; lastKnownFileType = sourcecode.c.objc; path = "NSString+XWExtension.m"; sourceTree = "<group>"; };
		567A63241B9ED7B600C4C24A /* XWSquare.h */ = {isa = PBXFileReference; fileEncoding = 4; lastKnownFileType = sourcecode.c.h; path = XWSquare.h; sourceTree = "<group>"; };
		567A63251B9ED7B600C4C24A /* XWSquare.m */ = {isa = PBXFileReference; fileEncoding = 4; lastKnownFileType = sourcecode.c.objc; path = XWSquare.m; sourceTree = "<group>"; };
		56861F551B9EE39100EEC45C /* XWSquareButton.h */ = {isa = PBXFileReference; fileEncoding = 4; lastKnownFileType = sourcecode.c.h; path = XWSquareButton.h; sourceTree = "<group>"; };
		56861F561B9EE39100EEC45C /* XWSquareButton.m */ = {isa = PBXFileReference; fileEncoding = 4; lastKnownFileType = sourcecode.c.objc; path = XWSquareButton.m; sourceTree = "<group>"; };
		56861F581B9F12DD00EEC45C /* XWSquareWebViewController.h */ = {isa = PBXFileReference; fileEncoding = 4; lastKnownFileType = sourcecode.c.h; path = XWSquareWebViewController.h; sourceTree = "<group>"; };
		56861F591B9F12DD00EEC45C /* XWSquareWebViewController.m */ = {isa = PBXFileReference; fileEncoding = 4; lastKnownFileType = sourcecode.c.objc; path = XWSquareWebViewController.m; sourceTree = "<group>"; };
		56861F5A1B9F12DD00EEC45C /* XWSquareWebViewController.xib */ = {isa = PBXFileReference; fileEncoding = 4; lastKnownFileType = file.xib; path = XWSquareWebViewController.xib; sourceTree = "<group>"; };
		568F47A01B9B2B0D003F863F /* XWRecommendViewController.h */ = {isa = PBXFileReference; fileEncoding = 4; lastKnownFileType = sourcecode.c.h; path = XWRecommendViewController.h; sourceTree = "<group>"; };
		568F47A11B9B2B0D003F863F /* XWRecommendViewController.m */ = {isa = PBXFileReference; fileEncoding = 4; lastKnownFileType = sourcecode.c.objc; path = XWRecommendViewController.m; sourceTree = "<group>"; };
		568F47A21B9B2B0D003F863F /* XWRecommendViewController.xib */ = {isa = PBXFileReference; fileEncoding = 4; lastKnownFileType = file.xib; path = XWRecommendViewController.xib; sourceTree = "<group>"; };
		568F47A51B9B38F8003F863F /* XWRecommendCategoryCell.h */ = {isa = PBXFileReference; fileEncoding = 4; lastKnownFileType = sourcecode.c.h; path = XWRecommendCategoryCell.h; sourceTree = "<group>"; };
		568F47A61B9B38F8003F863F /* XWRecommendCategoryCell.m */ = {isa = PBXFileReference; fileEncoding = 4; lastKnownFileType = sourcecode.c.objc; path = XWRecommendCategoryCell.m; sourceTree = "<group>"; };
		568F47A71B9B38F8003F863F /* XWRecommendCategoryCell.xib */ = {isa = PBXFileReference; fileEncoding = 4; lastKnownFileType = file.xib; path = XWRecommendCategoryCell.xib; sourceTree = "<group>"; };
		56954B4F1B9DA159006A82CC /* UIImage+XWExtension.h */ = {isa = PBXFileReference; fileEncoding = 4; lastKnownFileType = sourcecode.c.h; path = "UIImage+XWExtension.h"; sourceTree = "<group>"; };
		56954B501B9DA159006A82CC /* UIImage+XWExtension.m */ = {isa = PBXFileReference; fileEncoding = 4; lastKnownFileType = sourcecode.c.objc; path = "UIImage+XWExtension.m"; sourceTree = "<group>"; };
		56954B521B9DAAEB006A82CC /* UIImageView+XWImageView.h */ = {isa = PBXFileReference; fileEncoding = 4; lastKnownFileType = sourcecode.c.h; path = "UIImageView+XWImageView.h"; sourceTree = "<group>"; };
		56954B531B9DAAEB006A82CC /* UIImageView+XWImageView.m */ = {isa = PBXFileReference; fileEncoding = 4; lastKnownFileType = sourcecode.c.objc; path = "UIImageView+XWImageView.m"; sourceTree = "<group>"; };
		569B9FEA1B97EDD300B99DAD /* XWNavigationBar.h */ = {isa = PBXFileReference; fileEncoding = 4; lastKnownFileType = sourcecode.c.h; path = XWNavigationBar.h; sourceTree = "<group>"; };
		569B9FEB1B97EDD300B99DAD /* XWNavigationBar.m */ = {isa = PBXFileReference; fileEncoding = 4; lastKnownFileType = sourcecode.c.objc; path = XWNavigationBar.m; sourceTree = "<group>"; };
		569B9FEF1B97EF7000B99DAD /* readme.c */ = {isa = PBXFileReference; lastKnownFileType = sourcecode.c.c; path = readme.c; sourceTree = "<group>"; };
		569B9FF01B97F02900B99DAD /* XWNavigationController.h */ = {isa = PBXFileReference; fileEncoding = 4; lastKnownFileType = sourcecode.c.h; path = XWNavigationController.h; sourceTree = "<group>"; };
		569B9FF11B97F02900B99DAD /* XWNavigationController.m */ = {isa = PBXFileReference; fileEncoding = 4; lastKnownFileType = sourcecode.c.objc; path = XWNavigationController.m; sourceTree = "<group>"; };
		569B9FF51B99C6B300B99DAD /* XWFriendTrendsController.xib */ = {isa = PBXFileReference; fileEncoding = 4; lastKnownFileType = file.xib; path = XWFriendTrendsController.xib; sourceTree = "<group>"; };
		569B9FF71B99DD5A00B99DAD /* XWLoginRegisterViewController.h */ = {isa = PBXFileReference; fileEncoding = 4; lastKnownFileType = sourcecode.c.h; path = XWLoginRegisterViewController.h; sourceTree = "<group>"; };
		569B9FF91B99DD5A00B99DAD /* XWLoginRegisterViewController.xib */ = {isa = PBXFileReference; fileEncoding = 4; lastKnownFileType = file.xib; path = XWLoginRegisterViewController.xib; sourceTree = "<group>"; };
		569B9FFC1B99FD4800B99DAD /* XWQuickLoginButton.h */ = {isa = PBXFileReference; fileEncoding = 4; lastKnownFileType = sourcecode.c.h; path = XWQuickLoginButton.h; sourceTree = "<group>"; };
		569B9FFD1B99FD4800B99DAD /* XWQuickLoginButton.m */ = {isa = PBXFileReference; fileEncoding = 4; lastKnownFileType = sourcecode.c.objc; path = XWQuickLoginButton.m; sourceTree = "<group>"; };
		569BA0021B9A01ED00B99DAD /* UIView+XWExtension.h */ = {isa = PBXFileReference; fileEncoding = 4; lastKnownFileType = sourcecode.c.h; path = "UIView+XWExtension.h"; sourceTree = "<group>"; };
		569BA0031B9A01ED00B99DAD /* UIView+XWExtension.m */ = {isa = PBXFileReference; fileEncoding = 4; lastKnownFileType = sourcecode.c.objc; path = "UIView+XWExtension.m"; sourceTree = "<group>"; };
		569BA0051B9A8CEA00B99DAD /* XWLoginRegisterViewController.m */ = {isa = PBXFileReference; fileEncoding = 4; lastKnownFileType = sourcecode.c.objc; path = XWLoginRegisterViewController.m; sourceTree = "<group>"; };
		569BA0071B9A906100B99DAD /* XWLoginRegisterTextField.h */ = {isa = PBXFileReference; fileEncoding = 4; lastKnownFileType = sourcecode.c.h; path = XWLoginRegisterTextField.h; sourceTree = "<group>"; };
		569BA0081B9A906100B99DAD /* XWLoginRegisterTextField.m */ = {isa = PBXFileReference; fileEncoding = 4; lastKnownFileType = sourcecode.c.objc; path = XWLoginRegisterTextField.m; sourceTree = "<group>"; };
		56C1A8C81B9F46D700505537 /* Foundation+XWLog.m */ = {isa = PBXFileReference; fileEncoding = 4; lastKnownFileType = sourcecode.c.objc; path = "Foundation+XWLog.m"; sourceTree = "<group>"; };
		56CF7BF81B9C5D8100C55818 /* XWRecommendTag.h */ = {isa = PBXFileReference; fileEncoding = 4; lastKnownFileType = sourcecode.c.h; path = XWRecommendTag.h; sourceTree = "<group>"; };
		56CF7BF91B9C5D8100C55818 /* XWRecommendTag.m */ = {isa = PBXFileReference; fileEncoding = 4; lastKnownFileType = sourcecode.c.objc; path = XWRecommendTag.m; sourceTree = "<group>"; };
		56F1FDAC1B96D23F00931FAB /* XWEssenceController.h */ = {isa = PBXFileReference; fileEncoding = 4; lastKnownFileType = sourcecode.c.h; path = XWEssenceController.h; sourceTree = "<group>"; };
		56F1FDAD1B96D23F00931FAB /* XWEssenceController.m */ = {isa = PBXFileReference; fileEncoding = 4; lastKnownFileType = sourcecode.c.objc; path = XWEssenceController.m; sourceTree = "<group>"; };
		56F1FDAE1B96D23F00931FAB /* XWRecommendTagsViewController.h */ = {isa = PBXFileReference; fileEncoding = 4; lastKnownFileType = sourcecode.c.h; path = XWRecommendTagsViewController.h; sourceTree = "<group>"; };
		56F1FDAF1B96D23F00931FAB /* XWRecommendTagsViewController.m */ = {isa = PBXFileReference; fileEncoding = 4; lastKnownFileType = sourcecode.c.objc; path = XWRecommendTagsViewController.m; sourceTree = "<group>"; };
		56F1FDB51B96D23F00931FAB /* XWFriendTrendsController.h */ = {isa = PBXFileReference; fileEncoding = 4; lastKnownFileType = sourcecode.c.h; path = XWFriendTrendsController.h; sourceTree = "<group>"; };
		56F1FDB61B96D23F00931FAB /* XWFriendTrendsController.m */ = {isa = PBXFileReference; fileEncoding = 4; lastKnownFileType = sourcecode.c.objc; path = XWFriendTrendsController.m; sourceTree = "<group>"; };
		56F1FDBB1B96D23F00931FAB /* XWMeController.h */ = {isa = PBXFileReference; fileEncoding = 4; lastKnownFileType = sourcecode.c.h; path = XWMeController.h; sourceTree = "<group>"; };
		56F1FDBC1B96D23F00931FAB /* XWMeController.m */ = {isa = PBXFileReference; fileEncoding = 4; lastKnownFileType = sourcecode.c.objc; path = XWMeController.m; sourceTree = "<group>"; };
		56F1FDBD1B96D23F00931FAB /* XWSettingTableController.h */ = {isa = PBXFileReference; fileEncoding = 4; lastKnownFileType = sourcecode.c.h; path = XWSettingTableController.h; sourceTree = "<group>"; };
		56F1FDBE1B96D23F00931FAB /* XWSettingTableController.m */ = {isa = PBXFileReference; fileEncoding = 4; lastKnownFileType = sourcecode.c.objc; path = XWSettingTableController.m; sourceTree = "<group>"; };
		56F1FDC31B96D23F00931FAB /* XWNewController.h */ = {isa = PBXFileReference; fileEncoding = 4; lastKnownFileType = sourcecode.c.h; path = XWNewController.h; sourceTree = "<group>"; };
		56F1FDC41B96D23F00931FAB /* XWNewController.m */ = {isa = PBXFileReference; fileEncoding = 4; lastKnownFileType = sourcecode.c.objc; path = XWNewController.m; sourceTree = "<group>"; };
		56F1FDC81B96D23F00931FAB /* AppDelegate.h */ = {isa = PBXFileReference; fileEncoding = 4; lastKnownFileType = sourcecode.c.h; path = AppDelegate.h; sourceTree = "<group>"; };
		56F1FDC91B96D23F00931FAB /* AppDelegate.m */ = {isa = PBXFileReference; fileEncoding = 4; lastKnownFileType = sourcecode.c.objc; path = AppDelegate.m; sourceTree = "<group>"; };
		56F1FDCB1B96D23F00931FAB /* UIBarButtonItem+XWExtension.h */ = {isa = PBXFileReference; fileEncoding = 4; lastKnownFileType = sourcecode.c.h; path = "UIBarButtonItem+XWExtension.h"; sourceTree = "<group>"; };
		56F1FDCC1B96D23F00931FAB /* UIBarButtonItem+XWExtension.m */ = {isa = PBXFileReference; fileEncoding = 4; lastKnownFileType = sourcecode.c.objc; path = "UIBarButtonItem+XWExtension.m"; sourceTree = "<group>"; };
		56F1FDCE1B96D23F00931FAB /* XWTabBarController.h */ = {isa = PBXFileReference; fileEncoding = 4; lastKnownFileType = sourcecode.c.h; path = XWTabBarController.h; sourceTree = "<group>"; };
		56F1FDCF1B96D23F00931FAB /* XWTabBarController.m */ = {isa = PBXFileReference; fileEncoding = 4; lastKnownFileType = sourcecode.c.objc; path = XWTabBarController.m; sourceTree = "<group>"; };
		56F1FDD41B96D23F00931FAB /* XWTabBar.h */ = {isa = PBXFileReference; fileEncoding = 4; lastKnownFileType = sourcecode.c.h; path = XWTabBar.h; sourceTree = "<group>"; };
		56F1FDD51B96D23F00931FAB /* XWTabBar.m */ = {isa = PBXFileReference; fileEncoding = 4; lastKnownFileType = sourcecode.c.objc; path = XWTabBar.m; sourceTree = "<group>"; };
		7D40E84653272F9AD4E80746 /* libPods.a */ = {isa = PBXFileReference; explicitFileType = archive.ar; includeInIndex = 0; path = libPods.a; sourceTree = BUILT_PRODUCTS_DIR; };
		85DC31B03EB3159358696FE0 /* Pods.debug.xcconfig */ = {isa = PBXFileReference; includeInIndex = 1; lastKnownFileType = text.xcconfig; name = Pods.debug.xcconfig; path = "Pods/Target Support Files/Pods/Pods.debug.xcconfig"; sourceTree = "<group>"; };
/* End PBXFileReference section */

/* Begin PBXFrameworksBuildPhase section */
		562CF2251B95B80900F53479 /* Frameworks */ = {
			isa = PBXFrameworksBuildPhase;
			buildActionMask = 2147483647;
			files = (
				BA171E1F095BA5DFB3B4EF5A /* libPods.a in Frameworks */,
			);
			runOnlyForDeploymentPostprocessing = 0;
		};
		562CF23E1B95B80900F53479 /* Frameworks */ = {
			isa = PBXFrameworksBuildPhase;
			buildActionMask = 2147483647;
			files = (
			);
			runOnlyForDeploymentPostprocessing = 0;
		};
/* End PBXFrameworksBuildPhase section */

/* Begin PBXGroup section */
		562CF21F1B95B80900F53479 = {
			isa = PBXGroup;
			children = (
				569B9FEF1B97EF7000B99DAD /* readme.c */,
				562CF22A1B95B80900F53479 /* 百思不得姐 */,
				562CF2441B95B80900F53479 /* 百思不得姐Tests */,
				562CF2291B95B80900F53479 /* Products */,
				CE6F2382159AB18E7E492D21 /* Pods */,
				62FC995EEB92AC8DD9FC3C4B /* Frameworks */,
			);
			sourceTree = "<group>";
		};
		562CF2291B95B80900F53479 /* Products */ = {
			isa = PBXGroup;
			children = (
				562CF2281B95B80900F53479 /* 百思不得姐.app */,
				562CF2411B95B80900F53479 /* 百思不得姐Tests.xctest */,
			);
			name = Products;
			sourceTree = "<group>";
		};
		562CF22A1B95B80900F53479 /* 百思不得姐 */ = {
			isa = PBXGroup;
			children = (
				56F1FDA91B96D23F00931FAB /* Classes */,
				562CF23A1B95B80900F53479 /* LaunchScreen.xib */,
				562CF22B1B95B80900F53479 /* Supporting Files */,
			);
			path = "百思不得姐";
			sourceTree = "<group>";
		};
		562CF22B1B95B80900F53479 /* Supporting Files */ = {
			isa = PBXGroup;
			children = (
				562CF2381B95B80900F53479 /* Images.xcassets */,
				562CF22C1B95B80900F53479 /* Info.plist */,
				562CF22D1B95B80900F53479 /* main.m */,
				565DD1911B960225000B0CF3 /* PrefixHeader.pch */,
			);
			name = "Supporting Files";
			sourceTree = "<group>";
		};
		562CF2441B95B80900F53479 /* 百思不得姐Tests */ = {
			isa = PBXGroup;
			children = (
				562CF2471B95B80900F53479 /* _____Tests.m */,
				562CF2451B95B80900F53479 /* Supporting Files */,
			);
			path = "百思不得姐Tests";
			sourceTree = "<group>";
		};
		562CF2451B95B80900F53479 /* Supporting Files */ = {
			isa = PBXGroup;
			children = (
				562CF2461B95B80900F53479 /* Info.plist */,
			);
			name = "Supporting Files";
			sourceTree = "<group>";
		};
		56F1FDA91B96D23F00931FAB /* Classes */ = {
			isa = PBXGroup;
			children = (
				56F1FDAA1B96D23F00931FAB /* Essence-精华 */,
				56F1FDC11B96D23F00931FAB /* New-新帖 */,
				56F1FDB31B96D23F00931FAB /* FriendTrends-关注 */,
				56F1FDB91B96D23F00931FAB /* Me-我 */,
				56F1FDD61B96D23F00931FAB /* Publish-发布 */,
				56F1FDC71B96D23F00931FAB /* Other-其他 */,
			);
			path = Classes;
			sourceTree = "<group>";
		};
		56F1FDAA1B96D23F00931FAB /* Essence-精华 */ = {
			isa = PBXGroup;
			children = (
				56F1FDAB1B96D23F00931FAB /* Controller */,
				56F1FDB01B96D23F00931FAB /* Model */,
				56F1FDB11B96D23F00931FAB /* View */,
			);
			path = "Essence-精华";
			sourceTree = "<group>";
		};
		56F1FDAB1B96D23F00931FAB /* Controller */ = {
			isa = PBXGroup;
			children = (
				56F1FDAC1B96D23F00931FAB /* XWEssenceController.h */,
				56F1FDAD1B96D23F00931FAB /* XWEssenceController.m */,
				56F1FDAE1B96D23F00931FAB /* XWRecommendTagsViewController.h */,
				56F1FDAF1B96D23F00931FAB /* XWRecommendTagsViewController.m */,
			);
			path = Controller;
			sourceTree = "<group>";
		};
		56F1FDB01B96D23F00931FAB /* Model */ = {
			isa = PBXGroup;
			children = (
				56CF7BF81B9C5D8100C55818 /* XWRecommendTag.h */,
				56CF7BF91B9C5D8100C55818 /* XWRecommendTag.m */,
			);
			path = Model;
			sourceTree = "<group>";
		};
		56F1FDB11B96D23F00931FAB /* View */ = {
			isa = PBXGroup;
			children = (
				565982381B9C2CAC000B150A /* XWRecommendTagCell.h */,
				565982391B9C2CAC000B150A /* XWRecommendTagCell.m */,
				5659823A1B9C2CAC000B150A /* XWRecommendTagCell.xib */,
			);
			path = View;
			sourceTree = "<group>";
		};
		56F1FDB31B96D23F00931FAB /* FriendTrends-关注 */ = {
			isa = PBXGroup;
			children = (
				56F1FDB41B96D23F00931FAB /* Controller */,
				56F1FDB71B96D23F00931FAB /* Model */,
				56F1FDB81B96D23F00931FAB /* View */,
			);
			path = "FriendTrends-关注";
			sourceTree = "<group>";
		};
		56F1FDB41B96D23F00931FAB /* Controller */ = {
			isa = PBXGroup;
			children = (
				56F1FDB51B96D23F00931FAB /* XWFriendTrendsController.h */,
				56F1FDB61B96D23F00931FAB /* XWFriendTrendsController.m */,
				569B9FF51B99C6B300B99DAD /* XWFriendTrendsController.xib */,
				569B9FF71B99DD5A00B99DAD /* XWLoginRegisterViewController.h */,
				569BA0051B9A8CEA00B99DAD /* XWLoginRegisterViewController.m */,
				569B9FF91B99DD5A00B99DAD /* XWLoginRegisterViewController.xib */,
				568F47A01B9B2B0D003F863F /* XWRecommendViewController.h */,
				568F47A11B9B2B0D003F863F /* XWRecommendViewController.m */,
				568F47A21B9B2B0D003F863F /* XWRecommendViewController.xib */,
			);
			path = Controller;
			sourceTree = "<group>";
		};
		56F1FDB71B96D23F00931FAB /* Model */ = {
			isa = PBXGroup;
			children = (
			);
			path = Model;
			sourceTree = "<group>";
		};
		56F1FDB81B96D23F00931FAB /* View */ = {
			isa = PBXGroup;
			children = (
				569B9FFC1B99FD4800B99DAD /* XWQuickLoginButton.h */,
				569B9FFD1B99FD4800B99DAD /* XWQuickLoginButton.m */,
				569BA0071B9A906100B99DAD /* XWLoginRegisterTextField.h */,
				569BA0081B9A906100B99DAD /* XWLoginRegisterTextField.m */,
				568F47A51B9B38F8003F863F /* XWRecommendCategoryCell.h */,
				568F47A61B9B38F8003F863F /* XWRecommendCategoryCell.m */,
				568F47A71B9B38F8003F863F /* XWRecommendCategoryCell.xib */,
			);
			path = View;
			sourceTree = "<group>";
		};
		56F1FDB91B96D23F00931FAB /* Me-我 */ = {
			isa = PBXGroup;
			children = (
				56F1FDBA1B96D23F00931FAB /* Controller */,
				56F1FDBF1B96D23F00931FAB /* Model */,
				56F1FDC01B96D23F00931FAB /* View */,
			);
			path = "Me-我";
			sourceTree = "<group>";
		};
		56F1FDBA1B96D23F00931FAB /* Controller */ = {
			isa = PBXGroup;
			children = (
				56F1FDBB1B96D23F00931FAB /* XWMeController.h */,
				56F1FDBC1B96D23F00931FAB /* XWMeController.m */,
				56F1FDBD1B96D23F00931FAB /* XWSettingTableController.h */,
				56F1FDBE1B96D23F00931FAB /* XWSettingTableController.m */,
				56861F581B9F12DD00EEC45C /* XWSquareWebViewController.h */,
				56861F591B9F12DD00EEC45C /* XWSquareWebViewController.m */,
				56861F5A1B9F12DD00EEC45C /* XWSquareWebViewController.xib */,
			);
			path = Controller;
			sourceTree = "<group>";
		};
		56F1FDBF1B96D23F00931FAB /* Model */ = {
			isa = PBXGroup;
			children = (
				567A63241B9ED7B600C4C24A /* XWSquare.h */,
				567A63251B9ED7B600C4C24A /* XWSquare.m */,
			);
			path = Model;
			sourceTree = "<group>";
		};
		56F1FDC01B96D23F00931FAB /* View */ = {
			isa = PBXGroup;
			children = (
				567A62D81B9E832A00C4C24A /* XWMeCell.h */,
				567A62D91B9E832A00C4C24A /* XWMeCell.m */,
				567A63101B9EB88100C4C24A /* XWFootView.h */,
				567A63111B9EB88100C4C24A /* XWFootView.m */,
				56861F551B9EE39100EEC45C /* XWSquareButton.h */,
				56861F561B9EE39100EEC45C /* XWSquareButton.m */,
				561F32B81BA146F1003A62ED /* XWClearCacheCell.h */,
				561F32B91BA146F1003A62ED /* XWClearCacheCell.m */,
			);
			path = View;
			sourceTree = "<group>";
		};
		56F1FDC11B96D23F00931FAB /* New-新帖 */ = {
			isa = PBXGroup;
			children = (
				56F1FDC21B96D23F00931FAB /* Controller */,
				56F1FDC51B96D23F00931FAB /* Model */,
				56F1FDC61B96D23F00931FAB /* View */,
			);
			path = "New-新帖";
			sourceTree = "<group>";
		};
		56F1FDC21B96D23F00931FAB /* Controller */ = {
			isa = PBXGroup;
			children = (
				56F1FDC31B96D23F00931FAB /* XWNewController.h */,
				56F1FDC41B96D23F00931FAB /* XWNewController.m */,
			);
			path = Controller;
			sourceTree = "<group>";
		};
		56F1FDC51B96D23F00931FAB /* Model */ = {
			isa = PBXGroup;
			children = (
			);
			path = Model;
			sourceTree = "<group>";
		};
		56F1FDC61B96D23F00931FAB /* View */ = {
			isa = PBXGroup;
			children = (
			);
			path = View;
			sourceTree = "<group>";
		};
		56F1FDC71B96D23F00931FAB /* Other-其他 */ = {
			isa = PBXGroup;
			children = (
				56F1FDC81B96D23F00931FAB /* AppDelegate.h */,
				56F1FDC91B96D23F00931FAB /* AppDelegate.m */,
				5663F1BF1B9DF747009A852D /* XWConst.h */,
				5663F1C01B9DF747009A852D /* XWConst.m */,
				56F1FDCA1B96D23F00931FAB /* Category */,
				56F1FDCD1B96D23F00931FAB /* Controller */,
				56F1FDD11B96D23F00931FAB /* Model */,
				56F1FDD31B96D23F00931FAB /* View */,
			);
			path = "Other-其他";
			sourceTree = "<group>";
		};
		56F1FDCA1B96D23F00931FAB /* Category */ = {
			isa = PBXGroup;
			children = (
				56F1FDCB1B96D23F00931FAB /* UIBarButtonItem+XWExtension.h */,
				56F1FDCC1B96D23F00931FAB /* UIBarButtonItem+XWExtension.m */,
				569BA0021B9A01ED00B99DAD /* UIView+XWExtension.h */,
				569BA0031B9A01ED00B99DAD /* UIView+XWExtension.m */,
				56954B4F1B9DA159006A82CC /* UIImage+XWExtension.h */,
				56954B501B9DA159006A82CC /* UIImage+XWExtension.m */,
				56954B521B9DAAEB006A82CC /* UIImageView+XWImageView.h */,
				56954B531B9DAAEB006A82CC /* UIImageView+XWImageView.m */,
				567A631F1B9ED67800C4C24A /* NSString+XWExtension.h */,
				567A63201B9ED67800C4C24A /* NSString+XWExtension.m */,
				56C1A8C81B9F46D700505537 /* Foundation+XWLog.m */,
			);
			path = Category;
			sourceTree = "<group>";
		};
		56F1FDCD1B96D23F00931FAB /* Controller */ = {
			isa = PBXGroup;
			children = (
				56F1FDCE1B96D23F00931FAB /* XWTabBarController.h */,
				56F1FDCF1B96D23F00931FAB /* XWTabBarController.m */,
				569B9FF01B97F02900B99DAD /* XWNavigationController.h */,
				569B9FF11B97F02900B99DAD /* XWNavigationController.m */,
			);
			path = Controller;
			sourceTree = "<group>";
		};
		56F1FDD11B96D23F00931FAB /* Model */ = {
			isa = PBXGroup;
			children = (
			);
			path = Model;
			sourceTree = "<group>";
		};
		56F1FDD31B96D23F00931FAB /* View */ = {
			isa = PBXGroup;
			children = (
				56F1FDD41B96D23F00931FAB /* XWTabBar.h */,
				56F1FDD51B96D23F00931FAB /* XWTabBar.m */,
				569B9FEA1B97EDD300B99DAD /* XWNavigationBar.h */,
				569B9FEB1B97EDD300B99DAD /* XWNavigationBar.m */,
			);
			path = View;
			sourceTree = "<group>";
		};
		56F1FDD61B96D23F00931FAB /* Publish-发布 */ = {
			isa = PBXGroup;
			children = (
				56F1FDD71B96D23F00931FAB /* Controller */,
				56F1FDD81B96D23F00931FAB /* Model */,
				56F1FDD91B96D23F00931FAB /* View */,
			);
			path = "Publish-发布";
			sourceTree = "<group>";
		};
		56F1FDD71B96D23F00931FAB /* Controller */ = {
			isa = PBXGroup;
			children = (
				5632FB801B9FCC2C009414E3 /* XWPublishViewController.h */,
				5632FB811B9FCC2C009414E3 /* XWPublishViewController.m */,
				5632FB821B9FCC2C009414E3 /* XWPublishViewController.xib */,
			);
			path = Controller;
			sourceTree = "<group>";
		};
		56F1FDD81B96D23F00931FAB /* Model */ = {
			isa = PBXGroup;
			children = (
			);
			path = Model;
			sourceTree = "<group>";
		};
		56F1FDD91B96D23F00931FAB /* View */ = {
			isa = PBXGroup;
			children = (
			);
			path = View;
			sourceTree = "<group>";
		};
		62FC995EEB92AC8DD9FC3C4B /* Frameworks */ = {
			isa = PBXGroup;
			children = (
				7D40E84653272F9AD4E80746 /* libPods.a */,
			);
			name = Frameworks;
			sourceTree = "<group>";
		};
		CE6F2382159AB18E7E492D21 /* Pods */ = {
			isa = PBXGroup;
			children = (
				85DC31B03EB3159358696FE0 /* Pods.debug.xcconfig */,
				5089E612325241562CE423BA /* Pods.release.xcconfig */,
			);
			name = Pods;
			sourceTree = "<group>";
		};
/* End PBXGroup section */

/* Begin PBXNativeTarget section */
		562CF2271B95B80900F53479 /* 百思不得姐 */ = {
			isa = PBXNativeTarget;
			buildConfigurationList = 562CF24B1B95B80900F53479 /* Build configuration list for PBXNativeTarget "百思不得姐" */;
			buildPhases = (
				73F50EE652DBDCC7CBB9BD39 /* Check Pods Manifest.lock */,
				562CF2241B95B80900F53479 /* Sources */,
				562CF2251B95B80900F53479 /* Frameworks */,
				562CF2261B95B80900F53479 /* Resources */,
				540F5D01784DDA4F467AFF0E /* Copy Pods Resources */,
			);
			buildRules = (
			);
			dependencies = (
			);
			name = "百思不得姐";
			productName = "百思不得姐";
			productReference = 562CF2281B95B80900F53479 /* 百思不得姐.app */;
			productType = "com.apple.product-type.application";
		};
		562CF2401B95B80900F53479 /* 百思不得姐Tests */ = {
			isa = PBXNativeTarget;
			buildConfigurationList = 562CF24E1B95B80900F53479 /* Build configuration list for PBXNativeTarget "百思不得姐Tests" */;
			buildPhases = (
				562CF23D1B95B80900F53479 /* Sources */,
				562CF23E1B95B80900F53479 /* Frameworks */,
				562CF23F1B95B80900F53479 /* Resources */,
			);
			buildRules = (
			);
			dependencies = (
				562CF2431B95B80900F53479 /* PBXTargetDependency */,
			);
			name = "百思不得姐Tests";
			productName = "百思不得姐Tests";
			productReference = 562CF2411B95B80900F53479 /* 百思不得姐Tests.xctest */;
			productType = "com.apple.product-type.bundle.unit-test";
		};
/* End PBXNativeTarget section */

/* Begin PBXProject section */
		562CF2201B95B80900F53479 /* Project object */ = {
			isa = PBXProject;
			attributes = {
				CLASSPREFIX = XW;
				LastUpgradeCheck = 0640;
				ORGANIZATIONNAME = longxianwen;
				TargetAttributes = {
					562CF2271B95B80900F53479 = {
						CreatedOnToolsVersion = 6.4;
					};
					562CF2401B95B80900F53479 = {
						CreatedOnToolsVersion = 6.4;
						TestTargetID = 562CF2271B95B80900F53479;
					};
				};
			};
			buildConfigurationList = 562CF2231B95B80900F53479 /* Build configuration list for PBXProject "百思不得姐" */;
			compatibilityVersion = "Xcode 3.2";
			developmentRegion = English;
			hasScannedForEncodings = 0;
			knownRegions = (
				en,
				Base,
			);
			mainGroup = 562CF21F1B95B80900F53479;
			productRefGroup = 562CF2291B95B80900F53479 /* Products */;
			projectDirPath = "";
			projectRoot = "";
			targets = (
				562CF2271B95B80900F53479 /* 百思不得姐 */,
				562CF2401B95B80900F53479 /* 百思不得姐Tests */,
			);
		};
/* End PBXProject section */

/* Begin PBXResourcesBuildPhase section */
		562CF2261B95B80900F53479 /* Resources */ = {
			isa = PBXResourcesBuildPhase;
			buildActionMask = 2147483647;
			files = (
				569B9FF61B99C6B300B99DAD /* XWFriendTrendsController.xib in Resources */,
				5632FB841B9FCC2C009414E3 /* XWPublishViewController.xib in Resources */,
				569B9FFB1B99DD5A00B99DAD /* XWLoginRegisterViewController.xib in Resources */,
				568F47A41B9B2B0D003F863F /* XWRecommendViewController.xib in Resources */,
				56861F5C1B9F12DD00EEC45C /* XWSquareWebViewController.xib in Resources */,
				562CF23C1B95B80900F53479 /* LaunchScreen.xib in Resources */,
				5659823C1B9C2CAC000B150A /* XWRecommendTagCell.xib in Resources */,
				562CF2391B95B80900F53479 /* Images.xcassets in Resources */,
				568F47A91B9B38F8003F863F /* XWRecommendCategoryCell.xib in Resources */,
			);
			runOnlyForDeploymentPostprocessing = 0;
		};
		562CF23F1B95B80900F53479 /* Resources */ = {
			isa = PBXResourcesBuildPhase;
			buildActionMask = 2147483647;
			files = (
			);
			runOnlyForDeploymentPostprocessing = 0;
		};
/* End PBXResourcesBuildPhase section */

/* Begin PBXShellScriptBuildPhase section */
		540F5D01784DDA4F467AFF0E /* Copy Pods Resources */ = {
			isa = PBXShellScriptBuildPhase;
			buildActionMask = 2147483647;
			files = (
			);
			inputPaths = (
			);
			name = "Copy Pods Resources";
			outputPaths = (
			);
			runOnlyForDeploymentPostprocessing = 0;
			shellPath = /bin/sh;
			shellScript = "\"${SRCROOT}/Pods/Target Support Files/Pods/Pods-resources.sh\"\n";
			showEnvVarsInLog = 0;
		};
		73F50EE652DBDCC7CBB9BD39 /* Check Pods Manifest.lock */ = {
			isa = PBXShellScriptBuildPhase;
			buildActionMask = 2147483647;
			files = (
			);
			inputPaths = (
			);
			name = "Check Pods Manifest.lock";
			outputPaths = (
			);
			runOnlyForDeploymentPostprocessing = 0;
			shellPath = /bin/sh;
			shellScript = "diff \"${PODS_ROOT}/../Podfile.lock\" \"${PODS_ROOT}/Manifest.lock\" > /dev/null\nif [[ $? != 0 ]] ; then\n    cat << EOM\nerror: The sandbox is not in sync with the Podfile.lock. Run 'pod install' or update your CocoaPods installation.\nEOM\n    exit 1\nfi\n";
			showEnvVarsInLog = 0;
		};
/* End PBXShellScriptBuildPhase section */

/* Begin PBXSourcesBuildPhase section */
		562CF2241B95B80900F53479 /* Sources */ = {
			isa = PBXSourcesBuildPhase;
			buildActionMask = 2147483647;
			files = (
				569B9FEC1B97EDD300B99DAD /* XWNavigationBar.m in Sources */,
				569BA0041B9A01ED00B99DAD /* UIView+XWExtension.m in Sources */,
				56C1A8C91B9F46D700505537 /* Foundation+XWLog.m in Sources */,
				569B9FF21B97F02900B99DAD /* XWNavigationController.m in Sources */,
				56CF7BFA1B9C5D8100C55818 /* XWRecommendTag.m in Sources */,
				56F1FDE31B96D23F00931FAB /* XWTabBarController.m in Sources */,
				5659823B1B9C2CAC000B150A /* XWRecommendTagCell.m in Sources */,
				56F1FDDF1B96D23F00931FAB /* XWSettingTableController.m in Sources */,
				567A62DA1B9E832A00C4C24A /* XWMeCell.m in Sources */,
				568F47A81B9B38F8003F863F /* XWRecommendCategoryCell.m in Sources */,
				56F1FDDD1B96D23F00931FAB /* XWFriendTrendsController.m in Sources */,
				569BA0061B9A8CEA00B99DAD /* XWLoginRegisterViewController.m in Sources */,
				5663F1C11B9DF747009A852D /* XWConst.m in Sources */,
				567A63231B9ED67800C4C24A /* NSString+XWExtension.m in Sources */,
				56954B511B9DA159006A82CC /* UIImage+XWExtension.m in Sources */,
				56F1FDE21B96D23F00931FAB /* UIBarButtonItem+XWExtension.m in Sources */,
				567A63261B9ED7B600C4C24A /* XWSquare.m in Sources */,
				56F1FDDB1B96D23F00931FAB /* XWRecommendTagsViewController.m in Sources */,
				56861F5B1B9F12DD00EEC45C /* XWSquareWebViewController.m in Sources */,
				56861F571B9EE39100EEC45C /* XWSquareButton.m in Sources */,
				567A63121B9EB88100C4C24A /* XWFootView.m in Sources */,
				56954B541B9DAAEB006A82CC /* UIImageView+XWImageView.m in Sources */,
				56F1FDDE1B96D23F00931FAB /* XWMeController.m in Sources */,
				56F1FDE11B96D23F00931FAB /* AppDelegate.m in Sources */,
				562CF22E1B95B80900F53479 /* main.m in Sources */,
				5632FB831B9FCC2C009414E3 /* XWPublishViewController.m in Sources */,
				568F47A31B9B2B0D003F863F /* XWRecommendViewController.m in Sources */,
				569B9FFE1B99FD4800B99DAD /* XWQuickLoginButton.m in Sources */,
				56F1FDE51B96D23F00931FAB /* XWTabBar.m in Sources */,
				56F1FDDA1B96D23F00931FAB /* XWEssenceController.m in Sources */,
				569BA0091B9A906100B99DAD /* XWLoginRegisterTextField.m in Sources */,
				56F1FDE01B96D23F00931FAB /* XWNewController.m in Sources */,
				561F32BA1BA146F1003A62ED /* XWClearCacheCell.m in Sources */,
			);
			runOnlyForDeploymentPostprocessing = 0;
		};
		562CF23D1B95B80900F53479 /* Sources */ = {
			isa = PBXSourcesBuildPhase;
			buildActionMask = 2147483647;
			files = (
				562CF2481B95B80900F53479 /* _____Tests.m in Sources */,
			);
			runOnlyForDeploymentPostprocessing = 0;
		};
/* End PBXSourcesBuildPhase section */

/* Begin PBXTargetDependency section */
		562CF2431B95B80900F53479 /* PBXTargetDependency */ = {
			isa = PBXTargetDependency;
			target = 562CF2271B95B80900F53479 /* 百思不得姐 */;
			targetProxy = 562CF2421B95B80900F53479 /* PBXContainerItemProxy */;
		};
/* End PBXTargetDependency section */

/* Begin PBXVariantGroup section */
		562CF23A1B95B80900F53479 /* LaunchScreen.xib */ = {
			isa = PBXVariantGroup;
			children = (
				562CF23B1B95B80900F53479 /* Base */,
			);
			name = LaunchScreen.xib;
			sourceTree = "<group>";
		};
/* End PBXVariantGroup section */

/* Begin XCBuildConfiguration section */
		562CF2491B95B80900F53479 /* Debug */ = {
			isa = XCBuildConfiguration;
			buildSettings = {
				ALWAYS_SEARCH_USER_PATHS = NO;
				CLANG_CXX_LANGUAGE_STANDARD = "gnu++0x";
				CLANG_CXX_LIBRARY = "libc++";
				CLANG_ENABLE_MODULES = YES;
				CLANG_ENABLE_OBJC_ARC = YES;
				CLANG_WARN_BOOL_CONVERSION = YES;
				CLANG_WARN_CONSTANT_CONVERSION = YES;
				CLANG_WARN_DIRECT_OBJC_ISA_USAGE = YES_ERROR;
				CLANG_WARN_EMPTY_BODY = YES;
				CLANG_WARN_ENUM_CONVERSION = YES;
				CLANG_WARN_INT_CONVERSION = YES;
				CLANG_WARN_OBJC_ROOT_CLASS = YES_ERROR;
				CLANG_WARN_UNREACHABLE_CODE = YES;
				CLANG_WARN__DUPLICATE_METHOD_MATCH = YES;
				"CODE_SIGN_IDENTITY[sdk=iphoneos*]" = "iPhone Developer";
				COPY_PHASE_STRIP = NO;
				DEBUG_INFORMATION_FORMAT = "dwarf-with-dsym";
				ENABLE_STRICT_OBJC_MSGSEND = YES;
				GCC_C_LANGUAGE_STANDARD = gnu99;
				GCC_DYNAMIC_NO_PIC = NO;
				GCC_NO_COMMON_BLOCKS = YES;
				GCC_OPTIMIZATION_LEVEL = 0;
				GCC_PREPROCESSOR_DEFINITIONS = (
					"DEBUG=1",
					"$(inherited)",
				);
				GCC_SYMBOLS_PRIVATE_EXTERN = NO;
				GCC_WARN_64_TO_32_BIT_CONVERSION = YES;
				GCC_WARN_ABOUT_RETURN_TYPE = YES_ERROR;
				GCC_WARN_UNDECLARED_SELECTOR = YES;
				GCC_WARN_UNINITIALIZED_AUTOS = YES_AGGRESSIVE;
				GCC_WARN_UNUSED_FUNCTION = YES;
				GCC_WARN_UNUSED_VARIABLE = YES;
				IPHONEOS_DEPLOYMENT_TARGET = 8.4;
				MTL_ENABLE_DEBUG_INFO = YES;
				ONLY_ACTIVE_ARCH = YES;
				SDKROOT = iphoneos;
			};
			name = Debug;
		};
		562CF24A1B95B80900F53479 /* Release */ = {
			isa = XCBuildConfiguration;
			buildSettings = {
				ALWAYS_SEARCH_USER_PATHS = NO;
				CLANG_CXX_LANGUAGE_STANDARD = "gnu++0x";
				CLANG_CXX_LIBRARY = "libc++";
				CLANG_ENABLE_MODULES = YES;
				CLANG_ENABLE_OBJC_ARC = YES;
				CLANG_WARN_BOOL_CONVERSION = YES;
				CLANG_WARN_CONSTANT_CONVERSION = YES;
				CLANG_WARN_DIRECT_OBJC_ISA_USAGE = YES_ERROR;
				CLANG_WARN_EMPTY_BODY = YES;
				CLANG_WARN_ENUM_CONVERSION = YES;
				CLANG_WARN_INT_CONVERSION = YES;
				CLANG_WARN_OBJC_ROOT_CLASS = YES_ERROR;
				CLANG_WARN_UNREACHABLE_CODE = YES;
				CLANG_WARN__DUPLICATE_METHOD_MATCH = YES;
				"CODE_SIGN_IDENTITY[sdk=iphoneos*]" = "iPhone Developer";
				COPY_PHASE_STRIP = NO;
				DEBUG_INFORMATION_FORMAT = "dwarf-with-dsym";
				ENABLE_NS_ASSERTIONS = NO;
				ENABLE_STRICT_OBJC_MSGSEND = YES;
				GCC_C_LANGUAGE_STANDARD = gnu99;
				GCC_NO_COMMON_BLOCKS = YES;
				GCC_WARN_64_TO_32_BIT_CONVERSION = YES;
				GCC_WARN_ABOUT_RETURN_TYPE = YES_ERROR;
				GCC_WARN_UNDECLARED_SELECTOR = YES;
				GCC_WARN_UNINITIALIZED_AUTOS = YES_AGGRESSIVE;
				GCC_WARN_UNUSED_FUNCTION = YES;
				GCC_WARN_UNUSED_VARIABLE = YES;
				IPHONEOS_DEPLOYMENT_TARGET = 8.4;
				MTL_ENABLE_DEBUG_INFO = NO;
				SDKROOT = iphoneos;
				VALIDATE_PRODUCT = YES;
			};
			name = Release;
		};
		562CF24C1B95B80900F53479 /* Debug */ = {
			isa = XCBuildConfiguration;
			baseConfigurationReference = 85DC31B03EB3159358696FE0 /* Pods.debug.xcconfig */;
			buildSettings = {
				ASSETCATALOG_COMPILER_APPICON_NAME = AppIcon;
				ASSETCATALOG_COMPILER_LAUNCHIMAGE_NAME = LaunchImage;
				GCC_PRECOMPILE_PREFIX_HEADER = YES;
				GCC_PREFIX_HEADER = "百思不得姐/PrefixHeader.pch";
				GCC_PREPROCESSOR_DEFINITIONS = "DEBUG=1";
				INFOPLIST_FILE = "百思不得姐/Info.plist";
				LD_RUNPATH_SEARCH_PATHS = "$(inherited) @executable_path/Frameworks";
				PRODUCT_NAME = "$(TARGET_NAME)";
			};
			name = Debug;
		};
		562CF24D1B95B80900F53479 /* Release */ = {
			isa = XCBuildConfiguration;
			baseConfigurationReference = 5089E612325241562CE423BA /* Pods.release.xcconfig */;
			buildSettings = {
				ASSETCATALOG_COMPILER_APPICON_NAME = AppIcon;
				ASSETCATALOG_COMPILER_LAUNCHIMAGE_NAME = LaunchImage;
				GCC_PRECOMPILE_PREFIX_HEADER = YES;
				GCC_PREFIX_HEADER = "百思不得姐/PrefixHeader.pch";
				INFOPLIST_FILE = "百思不得姐/Info.plist";
				LD_RUNPATH_SEARCH_PATHS = "$(inherited) @executable_path/Frameworks";
				PRODUCT_NAME = "$(TARGET_NAME)";
			};
			name = Release;
		};
		562CF24F1B95B80900F53479 /* Debug */ = {
			isa = XCBuildConfiguration;
			buildSettings = {
				BUNDLE_LOADER = "$(TEST_HOST)";
				FRAMEWORK_SEARCH_PATHS = (
					"$(SDKROOT)/Developer/Library/Frameworks",
					"$(inherited)",
				);
				GCC_PREPROCESSOR_DEFINITIONS = (
					"DEBUG=1",
					"$(inherited)",
				);
				INFOPLIST_FILE = "百思不得姐Tests/Info.plist";
				LD_RUNPATH_SEARCH_PATHS = "$(inherited) @executable_path/Frameworks @loader_path/Frameworks";
				PRODUCT_NAME = "$(TARGET_NAME)";
				TEST_HOST = "$(BUILT_PRODUCTS_DIR)/百思不得姐.app/百思不得姐";
			};
			name = Debug;
		};
		562CF2501B95B80900F53479 /* Release */ = {
			isa = XCBuildConfiguration;
			buildSettings = {
				BUNDLE_LOADER = "$(TEST_HOST)";
				FRAMEWORK_SEARCH_PATHS = (
					"$(SDKROOT)/Developer/Library/Frameworks",
					"$(inherited)",
				);
				INFOPLIST_FILE = "百思不得姐Tests/Info.plist";
				LD_RUNPATH_SEARCH_PATHS = "$(inherited) @executable_path/Frameworks @loader_path/Frameworks";
				PRODUCT_NAME = "$(TARGET_NAME)";
				TEST_HOST = "$(BUILT_PRODUCTS_DIR)/百思不得姐.app/百思不得姐";
			};
			name = Release;
		};
/* End XCBuildConfiguration section */

/* Begin XCConfigurationList section */
		562CF2231B95B80900F53479 /* Build configuration list for PBXProject "百思不得姐" */ = {
			isa = XCConfigurationList;
			buildConfigurations = (
				562CF2491B95B80900F53479 /* Debug */,
				562CF24A1B95B80900F53479 /* Release */,
			);
			defaultConfigurationIsVisible = 0;
			defaultConfigurationName = Release;
		};
		562CF24B1B95B80900F53479 /* Build configuration list for PBXNativeTarget "百思不得姐" */ = {
			isa = XCConfigurationList;
			buildConfigurations = (
				562CF24C1B95B80900F53479 /* Debug */,
				562CF24D1B95B80900F53479 /* Release */,
			);
			defaultConfigurationIsVisible = 0;
			defaultConfigurationName = Release;
		};
		562CF24E1B95B80900F53479 /* Build configuration list for PBXNativeTarget "百思不得姐Tests" */ = {
			isa = XCConfigurationList;
			buildConfigurations = (
				562CF24F1B95B80900F53479 /* Debug */,
				562CF2501B95B80900F53479 /* Release */,
			);
			defaultConfigurationIsVisible = 0;
			defaultConfigurationName = Release;
		};
/* End XCConfigurationList section */
	};
	rootObject = 562CF2201B95B80900F53479 /* Project object */;
}
