// !$*UTF8*$!
{
	archiveVersion = 1;
	classes = {
	};
	objectVersion = 46;
	objects = {

/* Begin PBXBuildFile section */
		562CF22E1B95B80900F53479 /* main.m in Sources */ = {isa = PBXBuildFile; fileRef = 562CF22D1B95B80900F53479 /* main.m */; };
		562CF2391B95B80900F53479 /* Images.xcassets in Resources */ = {isa = PBXBuildFile; fileRef = 562CF2381B95B80900F53479 /* Images.xcassets */; };
		562CF23C1B95B80900F53479 /* LaunchScreen.xib in Resources */ = {isa = PBXBuildFile; fileRef = 562CF23A1B95B80900F53479 /* LaunchScreen.xib */; };
		562CF2481B95B80900F53479 /* _____Tests.m in Sources */ = {isa = PBXBuildFile; fileRef = 562CF2471B95B80900F53479 /* _____Tests.m */; };
		568F47A31B9B2B0D003F863F /* XWRecommendViewController.m in Sources */ = {isa = PBXBuildFile; fileRef = 568F47A11B9B2B0D003F863F /* XWRecommendViewController.m */; };
		568F47A41B9B2B0D003F863F /* XWRecommendViewController.xib in Resources */ = {isa = PBXBuildFile; fileRef = 568F47A21B9B2B0D003F863F /* XWRecommendViewController.xib */; };
		569B9FEC1B97EDD300B99DAD /* XWNavigationBar.m in Sources */ = {isa = PBXBuildFile; fileRef = 569B9FEB1B97EDD300B99DAD /* XWNavigationBar.m */; };
		569B9FF21B97F02900B99DAD /* XWNavigationController.m in Sources */ = {isa = PBXBuildFile; fileRef = 569B9FF11B97F02900B99DAD /* XWNavigationController.m */; };
		569B9FF41B99A94000B99DAD /* XWTagViewController.xib in Resources */ = {isa = PBXBuildFile; fileRef = 569B9FF31B99A94000B99DAD /* XWTagViewController.xib */; };
		569B9FF61B99C6B300B99DAD /* XWFriendTrendsController.xib in Resources */ = {isa = PBXBuildFile; fileRef = 569B9FF51B99C6B300B99DAD /* XWFriendTrendsController.xib */; };
		569B9FFB1B99DD5A00B99DAD /* XWLoginRegisterViewController.xib in Resources */ = {isa = PBXBuildFile; fileRef = 569B9FF91B99DD5A00B99DAD /* XWLoginRegisterViewController.xib */; };
		569B9FFE1B99FD4800B99DAD /* XWQuickLoginButton.m in Sources */ = {isa = PBXBuildFile; fileRef = 569B9FFD1B99FD4800B99DAD /* XWQuickLoginButton.m */; };
		569BA0041B9A01ED00B99DAD /* UIView+XWExtension.m in Sources */ = {isa = PBXBuildFile; fileRef = 569BA0031B9A01ED00B99DAD /* UIView+XWExtension.m */; };
		569BA0061B9A8CEA00B99DAD /* XWLoginRegisterViewController.m in Sources */ = {isa = PBXBuildFile; fileRef = 569BA0051B9A8CEA00B99DAD /* XWLoginRegisterViewController.m */; };
		569BA0091B9A906100B99DAD /* XWTextField.m in Sources */ = {isa = PBXBuildFile; fileRef = 569BA0081B9A906100B99DAD /* XWTextField.m */; };
		56F1FDDA1B96D23F00931FAB /* XWEssenceController.m in Sources */ = {isa = PBXBuildFile; fileRef = 56F1FDAD1B96D23F00931FAB /* XWEssenceController.m */; };
		56F1FDDB1B96D23F00931FAB /* XWTagViewController.m in Sources */ = {isa = PBXBuildFile; fileRef = 56F1FDAF1B96D23F00931FAB /* XWTagViewController.m */; };
		56F1FDDD1B96D23F00931FAB /* XWFriendTrendsController.m in Sources */ = {isa = PBXBuildFile; fileRef = 56F1FDB61B96D23F00931FAB /* XWFriendTrendsController.m */; };
		56F1FDDE1B96D23F00931FAB /* XWMeController.m in Sources */ = {isa = PBXBuildFile; fileRef = 56F1FDBC1B96D23F00931FAB /* XWMeController.m */; };
		56F1FDDF1B96D23F00931FAB /* XWSettingTableController.m in Sources */ = {isa = PBXBuildFile; fileRef = 56F1FDBE1B96D23F00931FAB /* XWSettingTableController.m */; };
		56F1FDE01B96D23F00931FAB /* XWNewController.m in Sources */ = {isa = PBXBuildFile; fileRef = 56F1FDC41B96D23F00931FAB /* XWNewController.m */; };
		56F1FDE11B96D23F00931FAB /* AppDelegate.m in Sources */ = {isa = PBXBuildFile; fileRef = 56F1FDC91B96D23F00931FAB /* AppDelegate.m */; };
		56F1FDE21B96D23F00931FAB /* UIBarButtonItem+XWExtension.m in Sources */ = {isa = PBXBuildFile; fileRef = 56F1FDCC1B96D23F00931FAB /* UIBarButtonItem+XWExtension.m */; };
		56F1FDE31B96D23F00931FAB /* XWTabBarController.m in Sources */ = {isa = PBXBuildFile; fileRef = 56F1FDCF1B96D23F00931FAB /* XWTabBarController.m */; };
		56F1FDE51B96D23F00931FAB /* XWTabBar.m in Sources */ = {isa = PBXBuildFile; fileRef = 56F1FDD51B96D23F00931FAB /* XWTabBar.m */; };
/* End PBXBuildFile section */

/* Begin PBXContainerItemProxy section */
		562CF2421B95B80900F53479 /* PBXContainerItemProxy */ = {
			isa = PBXContainerItemProxy;
			containerPortal = 562CF2201B95B80900F53479 /* Project object */;
			proxyType = 1;
			remoteGlobalIDString = 562CF2271B95B80900F53479;
			remoteInfo = "百思不得姐";
		};
/* End PBXContainerItemProxy section */

/* Begin PBXFileReference section */
		562CF2281B95B80900F53479 /* 百思不得姐.app */ = {isa = PBXFileReference; explicitFileType = wrapper.application; includeInIndex = 0; path = "百思不得姐.app"; sourceTree = BUILT_PRODUCTS_DIR; };
		562CF22C1B95B80900F53479 /* Info.plist */ = {isa = PBXFileReference; lastKnownFileType = text.plist.xml; path = Info.plist; sourceTree = "<group>"; };
		562CF22D1B95B80900F53479 /* main.m */ = {isa = PBXFileReference; lastKnownFileType = sourcecode.c.objc; path = main.m; sourceTree = "<group>"; };
		562CF2381B95B80900F53479 /* Images.xcassets */ = {isa = PBXFileReference; lastKnownFileType = folder.assetcatalog; path = Images.xcassets; sourceTree = "<group>"; };
		562CF23B1B95B80900F53479 /* Base */ = {isa = PBXFileReference; lastKnownFileType = file.xib; name = Base; path = Base.lproj/LaunchScreen.xib; sourceTree = "<group>"; };
		562CF2411B95B80900F53479 /* 百思不得姐Tests.xctest */ = {isa = PBXFileReference; explicitFileType = wrapper.cfbundle; includeInIndex = 0; path = "百思不得姐Tests.xctest"; sourceTree = BUILT_PRODUCTS_DIR; };
		562CF2461B95B80900F53479 /* Info.plist */ = {isa = PBXFileReference; lastKnownFileType = text.plist.xml; path = Info.plist; sourceTree = "<group>"; };
		562CF2471B95B80900F53479 /* _____Tests.m */ = {isa = PBXFileReference; lastKnownFileType = sourcecode.c.objc; path = "_____Tests.m"; sourceTree = "<group>"; };
		565DD1911B960225000B0CF3 /* PrefixHeader.pch */ = {isa = PBXFileReference; lastKnownFileType = sourcecode.c.h; path = PrefixHeader.pch; sourceTree = "<group>"; };
		568F47A01B9B2B0D003F863F /* XWRecommendViewController.h */ = {isa = PBXFileReference; fileEncoding = 4; lastKnownFileType = sourcecode.c.h; path = XWRecommendViewController.h; sourceTree = "<group>"; };
		568F47A11B9B2B0D003F863F /* XWRecommendViewController.m */ = {isa = PBXFileReference; fileEncoding = 4; lastKnownFileType = sourcecode.c.objc; path = XWRecommendViewController.m; sourceTree = "<group>"; };
		568F47A21B9B2B0D003F863F /* XWRecommendViewController.xib */ = {isa = PBXFileReference; fileEncoding = 4; lastKnownFileType = file.xib; path = XWRecommendViewController.xib; sourceTree = "<group>"; };
		569B9FEA1B97EDD300B99DAD /* XWNavigationBar.h */ = {isa = PBXFileReference; fileEncoding = 4; lastKnownFileType = sourcecode.c.h; path = XWNavigationBar.h; sourceTree = "<group>"; };
		569B9FEB1B97EDD300B99DAD /* XWNavigationBar.m */ = {isa = PBXFileReference; fileEncoding = 4; lastKnownFileType = sourcecode.c.objc; path = XWNavigationBar.m; sourceTree = "<group>"; };
		569B9FEF1B97EF7000B99DAD /* readme.c */ = {isa = PBXFileReference; lastKnownFileType = sourcecode.c.c; path = readme.c; sourceTree = "<group>"; };
		569B9FF01B97F02900B99DAD /* XWNavigationController.h */ = {isa = PBXFileReference; fileEncoding = 4; lastKnownFileType = sourcecode.c.h; path = XWNavigationController.h; sourceTree = "<group>"; };
		569B9FF11B97F02900B99DAD /* XWNavigationController.m */ = {isa = PBXFileReference; fileEncoding = 4; lastKnownFileType = sourcecode.c.objc; path = XWNavigationController.m; sourceTree = "<group>"; };
		569B9FF31B99A94000B99DAD /* XWTagViewController.xib */ = {isa = PBXFileReference; fileEncoding = 4; lastKnownFileType = file.xib; path = XWTagViewController.xib; sourceTree = "<group>"; };
		569B9FF51B99C6B300B99DAD /* XWFriendTrendsController.xib */ = {isa = PBXFileReference; fileEncoding = 4; lastKnownFileType = file.xib; path = XWFriendTrendsController.xib; sourceTree = "<group>"; };
		569B9FF71B99DD5A00B99DAD /* XWLoginRegisterViewController.h */ = {isa = PBXFileReference; fileEncoding = 4; lastKnownFileType = sourcecode.c.h; path = XWLoginRegisterViewController.h; sourceTree = "<group>"; };
		569B9FF91B99DD5A00B99DAD /* XWLoginRegisterViewController.xib */ = {isa = PBXFileReference; fileEncoding = 4; lastKnownFileType = file.xib; path = XWLoginRegisterViewController.xib; sourceTree = "<group>"; };
		569B9FFC1B99FD4800B99DAD /* XWQuickLoginButton.h */ = {isa = PBXFileReference; fileEncoding = 4; lastKnownFileType = sourcecode.c.h; path = XWQuickLoginButton.h; sourceTree = "<group>"; };
		569B9FFD1B99FD4800B99DAD /* XWQuickLoginButton.m */ = {isa = PBXFileReference; fileEncoding = 4; lastKnownFileType = sourcecode.c.objc; path = XWQuickLoginButton.m; sourceTree = "<group>"; };
		569BA0021B9A01ED00B99DAD /* UIView+XWExtension.h */ = {isa = PBXFileReference; fileEncoding = 4; lastKnownFileType = sourcecode.c.h; path = "UIView+XWExtension.h"; sourceTree = "<group>"; };
		569BA0031B9A01ED00B99DAD /* UIView+XWExtension.m */ = {isa = PBXFileReference; fileEncoding = 4; lastKnownFileType = sourcecode.c.objc; path = "UIView+XWExtension.m"; sourceTree = "<group>"; };
		569BA0051B9A8CEA00B99DAD /* XWLoginRegisterViewController.m */ = {isa = PBXFileReference; fileEncoding = 4; lastKnownFileType = sourcecode.c.objc; path = XWLoginRegisterViewController.m; sourceTree = "<group>"; };
		569BA0071B9A906100B99DAD /* XWTextField.h */ = {isa = PBXFileReference; fileEncoding = 4; lastKnownFileType = sourcecode.c.h; path = XWTextField.h; sourceTree = "<group>"; };
		569BA0081B9A906100B99DAD /* XWTextField.m */ = {isa = PBXFileReference; fileEncoding = 4; lastKnownFileType = sourcecode.c.objc; path = XWTextField.m; sourceTree = "<group>"; };
		56F1FDAC1B96D23F00931FAB /* XWEssenceController.h */ = {isa = PBXFileReference; fileEncoding = 4; lastKnownFileType = sourcecode.c.h; path = XWEssenceController.h; sourceTree = "<group>"; };
		56F1FDAD1B96D23F00931FAB /* XWEssenceController.m */ = {isa = PBXFileReference; fileEncoding = 4; lastKnownFileType = sourcecode.c.objc; path = XWEssenceController.m; sourceTree = "<group>"; };
		56F1FDAE1B96D23F00931FAB /* XWTagViewController.h */ = {isa = PBXFileReference; fileEncoding = 4; lastKnownFileType = sourcecode.c.h; path = XWTagViewController.h; sourceTree = "<group>"; };
		56F1FDAF1B96D23F00931FAB /* XWTagViewController.m */ = {isa = PBXFileReference; fileEncoding = 4; lastKnownFileType = sourcecode.c.objc; path = XWTagViewController.m; sourceTree = "<group>"; };
		56F1FDB51B96D23F00931FAB /* XWFriendTrendsController.h */ = {isa = PBXFileReference; fileEncoding = 4; lastKnownFileType = sourcecode.c.h; path = XWFriendTrendsController.h; sourceTree = "<group>"; };
		56F1FDB61B96D23F00931FAB /* XWFriendTrendsController.m */ = {isa = PBXFileReference; fileEncoding = 4; lastKnownFileType = sourcecode.c.objc; path = XWFriendTrendsController.m; sourceTree = "<group>"; };
		56F1FDBB1B96D23F00931FAB /* XWMeController.h */ = {isa = PBXFileReference; fileEncoding = 4; lastKnownFileType = sourcecode.c.h; path = XWMeController.h; sourceTree = "<group>"; };
		56F1FDBC1B96D23F00931FAB /* XWMeController.m */ = {isa = PBXFileReference; fileEncoding = 4; lastKnownFileType = sourcecode.c.objc; path = XWMeController.m; sourceTree = "<group>"; };
		56F1FDBD1B96D23F00931FAB /* XWSettingTableController.h */ = {isa = PBXFileReference; fileEncoding = 4; lastKnownFileType = sourcecode.c.h; path = XWSettingTableController.h; sourceTree = "<group>"; };
		56F1FDBE1B96D23F00931FAB /* XWSettingTableController.m */ = {isa = PBXFileReference; fileEncoding = 4; lastKnownFileType = sourcecode.c.objc; path = XWSettingTableController.m; sourceTree = "<group>"; };
		56F1FDC31B96D23F00931FAB /* XWNewController.h */ = {isa = PBXFileReference; fileEncoding = 4; lastKnownFileType = sourcecode.c.h; path = XWNewController.h; sourceTree = "<group>"; };
		56F1FDC41B96D23F00931FAB /* XWNewController.m */ = {isa = PBXFileReference; fileEncoding = 4; lastKnownFileType = sourcecode.c.objc; path = XWNewController.m; sourceTree = "<group>"; };
		56F1FDC81B96D23F00931FAB /* AppDelegate.h */ = {isa = PBXFileReference; fileEncoding = 4; lastKnownFileType = sourcecode.c.h; path = AppDelegate.h; sourceTree = "<group>"; };
		56F1FDC91B96D23F00931FAB /* AppDelegate.m */ = {isa = PBXFileReference; fileEncoding = 4; lastKnownFileType = sourcecode.c.objc; path = AppDelegate.m; sourceTree = "<group>"; };
		56F1FDCB1B96D23F00931FAB /* UIBarButtonItem+XWExtension.h */ = {isa = PBXFileReference; fileEncoding = 4; lastKnownFileType = sourcecode.c.h; path = "UIBarButtonItem+XWExtension.h"; sourceTree = "<group>"; };
		56F1FDCC1B96D23F00931FAB /* UIBarButtonItem+XWExtension.m */ = {isa = PBXFileReference; fileEncoding = 4; lastKnownFileType = sourcecode.c.objc; path = "UIBarButtonItem+XWExtension.m"; sourceTree = "<group>"; };
		56F1FDCE1B96D23F00931FAB /* XWTabBarController.h */ = {isa = PBXFileReference; fileEncoding = 4; lastKnownFileType = sourcecode.c.h; path = XWTabBarController.h; sourceTree = "<group>"; };
		56F1FDCF1B96D23F00931FAB /* XWTabBarController.m */ = {isa = PBXFileReference; fileEncoding = 4; lastKnownFileType = sourcecode.c.objc; path = XWTabBarController.m; sourceTree = "<group>"; };
		56F1FDD41B96D23F00931FAB /* XWTabBar.h */ = {isa = PBXFileReference; fileEncoding = 4; lastKnownFileType = sourcecode.c.h; path = XWTabBar.h; sourceTree = "<group>"; };
		56F1FDD51B96D23F00931FAB /* XWTabBar.m */ = {isa = PBXFileReference; fileEncoding = 4; lastKnownFileType = sourcecode.c.objc; path = XWTabBar.m; sourceTree = "<group>"; };
/* End PBXFileReference section */

/* Begin PBXFrameworksBuildPhase section */
		562CF2251B95B80900F53479 /* Frameworks */ = {
			isa = PBXFrameworksBuildPhase;
			buildActionMask = 2147483647;
			files = (
			);
			runOnlyForDeploymentPostprocessing = 0;
		};
		562CF23E1B95B80900F53479 /* Frameworks */ = {
			isa = PBXFrameworksBuildPhase;
			buildActionMask = 2147483647;
			files = (
			);
			runOnlyForDeploymentPostprocessing = 0;
		};
/* End PBXFrameworksBuildPhase section */

/* Begin PBXGroup section */
		562CF21F1B95B80900F53479 = {
			isa = PBXGroup;
			children = (
				569B9FEF1B97EF7000B99DAD /* readme.c */,
				562CF22A1B95B80900F53479 /* 百思不得姐 */,
				562CF2441B95B80900F53479 /* 百思不得姐Tests */,
				562CF2291B95B80900F53479 /* Products */,
			);
			sourceTree = "<group>";
		};
		562CF2291B95B80900F53479 /* Products */ = {
			isa = PBXGroup;
			children = (
				562CF2281B95B80900F53479 /* 百思不得姐.app */,
				562CF2411B95B80900F53479 /* 百思不得姐Tests.xctest */,
			);
			name = Products;
			sourceTree = "<group>";
		};
		562CF22A1B95B80900F53479 /* 百思不得姐 */ = {
			isa = PBXGroup;
			children = (
				56F1FDA91B96D23F00931FAB /* Classes */,
				562CF23A1B95B80900F53479 /* LaunchScreen.xib */,
				562CF22B1B95B80900F53479 /* Supporting Files */,
			);
			path = "百思不得姐";
			sourceTree = "<group>";
		};
		562CF22B1B95B80900F53479 /* Supporting Files */ = {
			isa = PBXGroup;
			children = (
				562CF2381B95B80900F53479 /* Images.xcassets */,
				562CF22C1B95B80900F53479 /* Info.plist */,
				562CF22D1B95B80900F53479 /* main.m */,
				565DD1911B960225000B0CF3 /* PrefixHeader.pch */,
			);
			name = "Supporting Files";
			sourceTree = "<group>";
		};
		562CF2441B95B80900F53479 /* 百思不得姐Tests */ = {
			isa = PBXGroup;
			children = (
				562CF2471B95B80900F53479 /* _____Tests.m */,
				562CF2451B95B80900F53479 /* Supporting Files */,
			);
			path = "百思不得姐Tests";
			sourceTree = "<group>";
		};
		562CF2451B95B80900F53479 /* Supporting Files */ = {
			isa = PBXGroup;
			children = (
				562CF2461B95B80900F53479 /* Info.plist */,
			);
			name = "Supporting Files";
			sourceTree = "<group>";
		};
		56F1FDA91B96D23F00931FAB /* Classes */ = {
			isa = PBXGroup;
			children = (
				56F1FDAA1B96D23F00931FAB /* Essence-精华 */,
				56F1FDC11B96D23F00931FAB /* New-新帖 */,
				56F1FDB31B96D23F00931FAB /* FriendTrends-关注 */,
				56F1FDB91B96D23F00931FAB /* Me-我 */,
				56F1FDD61B96D23F00931FAB /* Publish-发布 */,
				56F1FDC71B96D23F00931FAB /* Other-其他 */,
			);
			path = Classes;
			sourceTree = "<group>";
		};
		56F1FDAA1B96D23F00931FAB /* Essence-精华 */ = {
			isa = PBXGroup;
			children = (
				56F1FDAB1B96D23F00931FAB /* Controller */,
				56F1FDB01B96D23F00931FAB /* Model */,
				56F1FDB11B96D23F00931FAB /* View */,
			);
			path = "Essence-精华";
			sourceTree = "<group>";
		};
		56F1FDAB1B96D23F00931FAB /* Controller */ = {
			isa = PBXGroup;
			children = (
				56F1FDAC1B96D23F00931FAB /* XWEssenceController.h */,
				56F1FDAD1B96D23F00931FAB /* XWEssenceController.m */,
				56F1FDAE1B96D23F00931FAB /* XWTagViewController.h */,
				56F1FDAF1B96D23F00931FAB /* XWTagViewController.m */,
				569B9FF31B99A94000B99DAD /* XWTagViewController.xib */,
			);
			path = Controller;
			sourceTree = "<group>";
		};
		56F1FDB01B96D23F00931FAB /* Model */ = {
			isa = PBXGroup;
			children = (
			);
			path = Model;
			sourceTree = "<group>";
		};
		56F1FDB11B96D23F00931FAB /* View */ = {
			isa = PBXGroup;
			children = (
			);
			path = View;
			sourceTree = "<group>";
		};
		56F1FDB31B96D23F00931FAB /* FriendTrends-关注 */ = {
			isa = PBXGroup;
			children = (
				56F1FDB41B96D23F00931FAB /* Controller */,
				56F1FDB71B96D23F00931FAB /* Model */,
				56F1FDB81B96D23F00931FAB /* View */,
			);
			path = "FriendTrends-关注";
			sourceTree = "<group>";
		};
		56F1FDB41B96D23F00931FAB /* Controller */ = {
			isa = PBXGroup;
			children = (
				56F1FDB51B96D23F00931FAB /* XWFriendTrendsController.h */,
				56F1FDB61B96D23F00931FAB /* XWFriendTrendsController.m */,
				569B9FF51B99C6B300B99DAD /* XWFriendTrendsController.xib */,
				569B9FF71B99DD5A00B99DAD /* XWLoginRegisterViewController.h */,
				569BA0051B9A8CEA00B99DAD /* XWLoginRegisterViewController.m */,
				569B9FF91B99DD5A00B99DAD /* XWLoginRegisterViewController.xib */,
				568F47A01B9B2B0D003F863F /* XWRecommendViewController.h */,
				568F47A11B9B2B0D003F863F /* XWRecommendViewController.m */,
				568F47A21B9B2B0D003F863F /* XWRecommendViewController.xib */,
			);
			path = Controller;
			sourceTree = "<group>";
		};
		56F1FDB71B96D23F00931FAB /* Model */ = {
			isa = PBXGroup;
			children = (
			);
			path = Model;
			sourceTree = "<group>";
		};
		56F1FDB81B96D23F00931FAB /* View */ = {
			isa = PBXGroup;
			children = (
				569B9FFC1B99FD4800B99DAD /* XWQuickLoginButton.h */,
				569B9FFD1B99FD4800B99DAD /* XWQuickLoginButton.m */,
				569BA0071B9A906100B99DAD /* XWTextField.h */,
				569BA0081B9A906100B99DAD /* XWTextField.m */,
			);
			path = View;
			sourceTree = "<group>";
		};
		56F1FDB91B96D23F00931FAB /* Me-我 */ = {
			isa = PBXGroup;
			children = (
				56F1FDBA1B96D23F00931FAB /* Controller */,
				56F1FDBF1B96D23F00931FAB /* Model */,
				56F1FDC01B96D23F00931FAB /* View */,
			);
			path = "Me-我";
			sourceTree = "<group>";
		};
		56F1FDBA1B96D23F00931FAB /* Controller */ = {
			isa = PBXGroup;
			children = (
				56F1FDBB1B96D23F00931FAB /* XWMeController.h */,
				56F1FDBC1B96D23F00931FAB /* XWMeController.m */,
				56F1FDBD1B96D23F00931FAB /* XWSettingTableController.h */,
				56F1FDBE1B96D23F00931FAB /* XWSettingTableController.m */,
			);
			path = Controller;
			sourceTree = "<group>";
		};
		56F1FDBF1B96D23F00931FAB /* Model */ = {
			isa = PBXGroup;
			children = (
			);
			path = Model;
			sourceTree = "<group>";
		};
		56F1FDC01B96D23F00931FAB /* View */ = {
			isa = PBXGroup;
			children = (
			);
			path = View;
			sourceTree = "<group>";
		};
		56F1FDC11B96D23F00931FAB /* New-新帖 */ = {
			isa = PBXGroup;
			children = (
				56F1FDC21B96D23F00931FAB /* Controller */,
				56F1FDC51B96D23F00931FAB /* Model */,
				56F1FDC61B96D23F00931FAB /* View */,
			);
			path = "New-新帖";
			sourceTree = "<group>";
		};
		56F1FDC21B96D23F00931FAB /* Controller */ = {
			isa = PBXGroup;
			children = (
				56F1FDC31B96D23F00931FAB /* XWNewController.h */,
				56F1FDC41B96D23F00931FAB /* XWNewController.m */,
			);
			path = Controller;
			sourceTree = "<group>";
		};
		56F1FDC51B96D23F00931FAB /* Model */ = {
			isa = PBXGroup;
			children = (
			);
			path = Model;
			sourceTree = "<group>";
		};
		56F1FDC61B96D23F00931FAB /* View */ = {
			isa = PBXGroup;
			children = (
			);
			path = View;
			sourceTree = "<group>";
		};
		56F1FDC71B96D23F00931FAB /* Other-其他 */ = {
			isa = PBXGroup;
			children = (
				56F1FDC81B96D23F00931FAB /* AppDelegate.h */,
				56F1FDC91B96D23F00931FAB /* AppDelegate.m */,
				56F1FDCA1B96D23F00931FAB /* Category */,
				56F1FDCD1B96D23F00931FAB /* Controller */,
				56F1FDD11B96D23F00931FAB /* Model */,
				56F1FDD31B96D23F00931FAB /* View */,
			);
			path = "Other-其他";
			sourceTree = "<group>";
		};
		56F1FDCA1B96D23F00931FAB /* Category */ = {
			isa = PBXGroup;
			children = (
				56F1FDCB1B96D23F00931FAB /* UIBarButtonItem+XWExtension.h */,
				56F1FDCC1B96D23F00931FAB /* UIBarButtonItem+XWExtension.m */,
				569BA0021B9A01ED00B99DAD /* UIView+XWExtension.h */,
				569BA0031B9A01ED00B99DAD /* UIView+XWExtension.m */,
			);
			path = Category;
			sourceTree = "<group>";
		};
		56F1FDCD1B96D23F00931FAB /* Controller */ = {
			isa = PBXGroup;
			children = (
				56F1FDCE1B96D23F00931FAB /* XWTabBarController.h */,
				56F1FDCF1B96D23F00931FAB /* XWTabBarController.m */,
				569B9FF01B97F02900B99DAD /* XWNavigationController.h */,
				569B9FF11B97F02900B99DAD /* XWNavigationController.m */,
			);
			path = Controller;
			sourceTree = "<group>";
		};
		56F1FDD11B96D23F00931FAB /* Model */ = {
			isa = PBXGroup;
			children = (
			);
			path = Model;
			sourceTree = "<group>";
		};
		56F1FDD31B96D23F00931FAB /* View */ = {
			isa = PBXGroup;
			children = (
				56F1FDD41B96D23F00931FAB /* XWTabBar.h */,
				56F1FDD51B96D23F00931FAB /* XWTabBar.m */,
				569B9FEA1B97EDD300B99DAD /* XWNavigationBar.h */,
				569B9FEB1B97EDD300B99DAD /* XWNavigationBar.m */,
			);
			path = View;
			sourceTree = "<group>";
		};
		56F1FDD61B96D23F00931FAB /* Publish-发布 */ = {
			isa = PBXGroup;
			children = (
				56F1FDD71B96D23F00931FAB /* Controller */,
				56F1FDD81B96D23F00931FAB /* Model */,
				56F1FDD91B96D23F00931FAB /* View */,
			);
			path = "Publish-发布";
			sourceTree = "<group>";
		};
		56F1FDD71B96D23F00931FAB /* Controller */ = {
			isa = PBXGroup;
			children = (
			);
			path = Controller;
			sourceTree = "<group>";
		};
		56F1FDD81B96D23F00931FAB /* Model */ = {
			isa = PBXGroup;
			children = (
			);
			path = Model;
			sourceTree = "<group>";
		};
		56F1FDD91B96D23F00931FAB /* View */ = {
			isa = PBXGroup;
			children = (
			);
			path = View;
			sourceTree = "<group>";
		};
/* End PBXGroup section */

/* Begin PBXNativeTarget section */
		562CF2271B95B80900F53479 /* 百思不得姐 */ = {
			isa = PBXNativeTarget;
			buildConfigurationList = 562CF24B1B95B80900F53479 /* Build configuration list for PBXNativeTarget "百思不得姐" */;
			buildPhases = (
				562CF2241B95B80900F53479 /* Sources */,
				562CF2251B95B80900F53479 /* Frameworks */,
				562CF2261B95B80900F53479 /* Resources */,
			);
			buildRules = (
			);
			dependencies = (
			);
			name = "百思不得姐";
			productName = "百思不得姐";
			productReference = 562CF2281B95B80900F53479 /* 百思不得姐.app */;
			productType = "com.apple.product-type.application";
		};
		562CF2401B95B80900F53479 /* 百思不得姐Tests */ = {
			isa = PBXNativeTarget;
			buildConfigurationList = 562CF24E1B95B80900F53479 /* Build configuration list for PBXNativeTarget "百思不得姐Tests" */;
			buildPhases = (
				562CF23D1B95B80900F53479 /* Sources */,
				562CF23E1B95B80900F53479 /* Frameworks */,
				562CF23F1B95B80900F53479 /* Resources */,
			);
			buildRules = (
			);
			dependencies = (
				562CF2431B95B80900F53479 /* PBXTargetDependency */,
			);
			name = "百思不得姐Tests";
			productName = "百思不得姐Tests";
			productReference = 562CF2411B95B80900F53479 /* 百思不得姐Tests.xctest */;
			productType = "com.apple.product-type.bundle.unit-test";
		};
/* End PBXNativeTarget section */

/* Begin PBXProject section */
		562CF2201B95B80900F53479 /* Project object */ = {
			isa = PBXProject;
			attributes = {
				CLASSPREFIX = XW;
				LastUpgradeCheck = 0640;
				ORGANIZATIONNAME = longxianwen;
				TargetAttributes = {
					562CF2271B95B80900F53479 = {
						CreatedOnToolsVersion = 6.4;
					};
					562CF2401B95B80900F53479 = {
						CreatedOnToolsVersion = 6.4;
						TestTargetID = 562CF2271B95B80900F53479;
					};
				};
			};
			buildConfigurationList = 562CF2231B95B80900F53479 /* Build configuration list for PBXProject "百思不得姐" */;
			compatibilityVersion = "Xcode 3.2";
			developmentRegion = English;
			hasScannedForEncodings = 0;
			knownRegions = (
				en,
				Base,
			);
			mainGroup = 562CF21F1B95B80900F53479;
			productRefGroup = 562CF2291B95B80900F53479 /* Products */;
			projectDirPath = "";
			projectRoot = "";
			targets = (
				562CF2271B95B80900F53479 /* 百思不得姐 */,
				562CF2401B95B80900F53479 /* 百思不得姐Tests */,
			);
		};
/* End PBXProject section */

/* Begin PBXResourcesBuildPhase section */
		562CF2261B95B80900F53479 /* Resources */ = {
			isa = PBXResourcesBuildPhase;
			buildActionMask = 2147483647;
			files = (
				569B9FF61B99C6B300B99DAD /* XWFriendTrendsController.xib in Resources */,
				569B9FFB1B99DD5A00B99DAD /* XWLoginRegisterViewController.xib in Resources */,
				568F47A41B9B2B0D003F863F /* XWRecommendViewController.xib in Resources */,
				562CF23C1B95B80900F53479 /* LaunchScreen.xib in Resources */,
				569B9FF41B99A94000B99DAD /* XWTagViewController.xib in Resources */,
				562CF2391B95B80900F53479 /* Images.xcassets in Resources */,
			);
			runOnlyForDeploymentPostprocessing = 0;
		};
		562CF23F1B95B80900F53479 /* Resources */ = {
			isa = PBXResourcesBuildPhase;
			buildActionMask = 2147483647;
			files = (
			);
			runOnlyForDeploymentPostprocessing = 0;
		};
/* End PBXResourcesBuildPhase section */

/* Begin PBXSourcesBuildPhase section */
		562CF2241B95B80900F53479 /* Sources */ = {
			isa = PBXSourcesBuildPhase;
			buildActionMask = 2147483647;
			files = (
				569B9FEC1B97EDD300B99DAD /* XWNavigationBar.m in Sources */,
				569BA0041B9A01ED00B99DAD /* UIView+XWExtension.m in Sources */,
				569B9FF21B97F02900B99DAD /* XWNavigationController.m in Sources */,
				56F1FDE31B96D23F00931FAB /* XWTabBarController.m in Sources */,
				56F1FDDF1B96D23F00931FAB /* XWSettingTableController.m in Sources */,
				56F1FDDD1B96D23F00931FAB /* XWFriendTrendsController.m in Sources */,
				569BA0061B9A8CEA00B99DAD /* XWLoginRegisterViewController.m in Sources */,
				56F1FDE21B96D23F00931FAB /* UIBarButtonItem+XWExtension.m in Sources */,
				56F1FDDB1B96D23F00931FAB /* XWTagViewController.m in Sources */,
				56F1FDDE1B96D23F00931FAB /* XWMeController.m in Sources */,
				56F1FDE11B96D23F00931FAB /* AppDelegate.m in Sources */,
				562CF22E1B95B80900F53479 /* main.m in Sources */,
				568F47A31B9B2B0D003F863F /* XWRecommendViewController.m in Sources */,
				569B9FFE1B99FD4800B99DAD /* XWQuickLoginButton.m in Sources */,
				56F1FDE51B96D23F00931FAB /* XWTabBar.m in Sources */,
				56F1FDDA1B96D23F00931FAB /* XWEssenceController.m in Sources */,
				569BA0091B9A906100B99DAD /* XWTextField.m in Sources */,
				56F1FDE01B96D23F00931FAB /* XWNewController.m in Sources */,
			);
			runOnlyForDeploymentPostprocessing = 0;
		};
		562CF23D1B95B80900F53479 /* Sources */ = {
			isa = PBXSourcesBuildPhase;
			buildActionMask = 2147483647;
			files = (
				562CF2481B95B80900F53479 /* _____Tests.m in Sources */,
			);
			runOnlyForDeploymentPostprocessing = 0;
		};
/* End PBXSourcesBuildPhase section */

/* Begin PBXTargetDependency section */
		562CF2431B95B80900F53479 /* PBXTargetDependency */ = {
			isa = PBXTargetDependency;
			target = 562CF2271B95B80900F53479 /* 百思不得姐 */;
			targetProxy = 562CF2421B95B80900F53479 /* PBXContainerItemProxy */;
		};
/* End PBXTargetDependency section */

/* Begin PBXVariantGroup section */
		562CF23A1B95B80900F53479 /* LaunchScreen.xib */ = {
			isa = PBXVariantGroup;
			children = (
				562CF23B1B95B80900F53479 /* Base */,
			);
			name = LaunchScreen.xib;
			sourceTree = "<group>";
		};
/* End PBXVariantGroup section */

/* Begin XCBuildConfiguration section */
		562CF2491B95B80900F53479 /* Debug */ = {
			isa = XCBuildConfiguration;
			buildSettings = {
				ALWAYS_SEARCH_USER_PATHS = NO;
				CLANG_CXX_LANGUAGE_STANDARD = "gnu++0x";
				CLANG_CXX_LIBRARY = "libc++";
				CLANG_ENABLE_MODULES = YES;
				CLANG_ENABLE_OBJC_ARC = YES;
				CLANG_WARN_BOOL_CONVERSION = YES;
				CLANG_WARN_CONSTANT_CONVERSION = YES;
				CLANG_WARN_DIRECT_OBJC_ISA_USAGE = YES_ERROR;
				CLANG_WARN_EMPTY_BODY = YES;
				CLANG_WARN_ENUM_CONVERSION = YES;
				CLANG_WARN_INT_CONVERSION = YES;
				CLANG_WARN_OBJC_ROOT_CLASS = YES_ERROR;
				CLANG_WARN_UNREACHABLE_CODE = YES;
				CLANG_WARN__DUPLICATE_METHOD_MATCH = YES;
				"CODE_SIGN_IDENTITY[sdk=iphoneos*]" = "iPhone Developer";
				COPY_PHASE_STRIP = NO;
				DEBUG_INFORMATION_FORMAT = "dwarf-with-dsym";
				ENABLE_STRICT_OBJC_MSGSEND = YES;
				GCC_C_LANGUAGE_STANDARD = gnu99;
				GCC_DYNAMIC_NO_PIC = NO;
				GCC_NO_COMMON_BLOCKS = YES;
				GCC_OPTIMIZATION_LEVEL = 0;
				GCC_PREPROCESSOR_DEFINITIONS = (
					"DEBUG=1",
					"$(inherited)",
				);
				GCC_SYMBOLS_PRIVATE_EXTERN = NO;
				GCC_WARN_64_TO_32_BIT_CONVERSION = YES;
				GCC_WARN_ABOUT_RETURN_TYPE = YES_ERROR;
				GCC_WARN_UNDECLARED_SELECTOR = YES;
				GCC_WARN_UNINITIALIZED_AUTOS = YES_AGGRESSIVE;
				GCC_WARN_UNUSED_FUNCTION = YES;
				GCC_WARN_UNUSED_VARIABLE = YES;
				IPHONEOS_DEPLOYMENT_TARGET = 8.4;
				MTL_ENABLE_DEBUG_INFO = YES;
				ONLY_ACTIVE_ARCH = YES;
				SDKROOT = iphoneos;
			};
			name = Debug;
		};
		562CF24A1B95B80900F53479 /* Release */ = {
			isa = XCBuildConfiguration;
			buildSettings = {
				ALWAYS_SEARCH_USER_PATHS = NO;
				CLANG_CXX_LANGUAGE_STANDARD = "gnu++0x";
				CLANG_CXX_LIBRARY = "libc++";
				CLANG_ENABLE_MODULES = YES;
				CLANG_ENABLE_OBJC_ARC = YES;
				CLANG_WARN_BOOL_CONVERSION = YES;
				CLANG_WARN_CONSTANT_CONVERSION = YES;
				CLANG_WARN_DIRECT_OBJC_ISA_USAGE = YES_ERROR;
				CLANG_WARN_EMPTY_BODY = YES;
				CLANG_WARN_ENUM_CONVERSION = YES;
				CLANG_WARN_INT_CONVERSION = YES;
				CLANG_WARN_OBJC_ROOT_CLASS = YES_ERROR;
				CLANG_WARN_UNREACHABLE_CODE = YES;
				CLANG_WARN__DUPLICATE_METHOD_MATCH = YES;
				"CODE_SIGN_IDENTITY[sdk=iphoneos*]" = "iPhone Developer";
				COPY_PHASE_STRIP = NO;
				DEBUG_INFORMATION_FORMAT = "dwarf-with-dsym";
				ENABLE_NS_ASSERTIONS = NO;
				ENABLE_STRICT_OBJC_MSGSEND = YES;
				GCC_C_LANGUAGE_STANDARD = gnu99;
				GCC_NO_COMMON_BLOCKS = YES;
				GCC_WARN_64_TO_32_BIT_CONVERSION = YES;
				GCC_WARN_ABOUT_RETURN_TYPE = YES_ERROR;
				GCC_WARN_UNDECLARED_SELECTOR = YES;
				GCC_WARN_UNINITIALIZED_AUTOS = YES_AGGRESSIVE;
				GCC_WARN_UNUSED_FUNCTION = YES;
				GCC_WARN_UNUSED_VARIABLE = YES;
				IPHONEOS_DEPLOYMENT_TARGET = 8.4;
				MTL_ENABLE_DEBUG_INFO = NO;
				SDKROOT = iphoneos;
				VALIDATE_PRODUCT = YES;
			};
			name = Release;
		};
		562CF24C1B95B80900F53479 /* Debug */ = {
			isa = XCBuildConfiguration;
			buildSettings = {
				ASSETCATALOG_COMPILER_APPICON_NAME = AppIcon;
				ASSETCATALOG_COMPILER_LAUNCHIMAGE_NAME = LaunchImage;
				GCC_PRECOMPILE_PREFIX_HEADER = YES;
				GCC_PREFIX_HEADER = "百思不得姐/PrefixHeader.pch";
				GCC_PREPROCESSOR_DEFINITIONS = "DEBUG=1";
				INFOPLIST_FILE = "百思不得姐/Info.plist";
				LD_RUNPATH_SEARCH_PATHS = "$(inherited) @executable_path/Frameworks";
				PRODUCT_NAME = "$(TARGET_NAME)";
			};
			name = Debug;
		};
		562CF24D1B95B80900F53479 /* Release */ = {
			isa = XCBuildConfiguration;
			buildSettings = {
				ASSETCATALOG_COMPILER_APPICON_NAME = AppIcon;
				ASSETCATALOG_COMPILER_LAUNCHIMAGE_NAME = LaunchImage;
				GCC_PRECOMPILE_PREFIX_HEADER = YES;
				GCC_PREFIX_HEADER = "百思不得姐/PrefixHeader.pch";
				INFOPLIST_FILE = "百思不得姐/Info.plist";
				LD_RUNPATH_SEARCH_PATHS = "$(inherited) @executable_path/Frameworks";
				PRODUCT_NAME = "$(TARGET_NAME)";
			};
			name = Release;
		};
		562CF24F1B95B80900F53479 /* Debug */ = {
			isa = XCBuildConfiguration;
			buildSettings = {
				BUNDLE_LOADER = "$(TEST_HOST)";
				FRAMEWORK_SEARCH_PATHS = (
					"$(SDKROOT)/Developer/Library/Frameworks",
					"$(inherited)",
				);
				GCC_PREPROCESSOR_DEFINITIONS = (
					"DEBUG=1",
					"$(inherited)",
				);
				INFOPLIST_FILE = "百思不得姐Tests/Info.plist";
				LD_RUNPATH_SEARCH_PATHS = "$(inherited) @executable_path/Frameworks @loader_path/Frameworks";
				PRODUCT_NAME = "$(TARGET_NAME)";
				TEST_HOST = "$(BUILT_PRODUCTS_DIR)/百思不得姐.app/百思不得姐";
			};
			name = Debug;
		};
		562CF2501B95B80900F53479 /* Release */ = {
			isa = XCBuildConfiguration;
			buildSettings = {
				BUNDLE_LOADER = "$(TEST_HOST)";
				FRAMEWORK_SEARCH_PATHS = (
					"$(SDKROOT)/Developer/Library/Frameworks",
					"$(inherited)",
				);
				INFOPLIST_FILE = "百思不得姐Tests/Info.plist";
				LD_RUNPATH_SEARCH_PATHS = "$(inherited) @executable_path/Frameworks @loader_path/Frameworks";
				PRODUCT_NAME = "$(TARGET_NAME)";
				TEST_HOST = "$(BUILT_PRODUCTS_DIR)/百思不得姐.app/百思不得姐";
			};
			name = Release;
		};
/* End XCBuildConfiguration section */

/* Begin XCConfigurationList section */
		562CF2231B95B80900F53479 /* Build configuration list for PBXProject "百思不得姐" */ = {
			isa = XCConfigurationList;
			buildConfigurations = (
				562CF2491B95B80900F53479 /* Debug */,
				562CF24A1B95B80900F53479 /* Release */,
			);
			defaultConfigurationIsVisible = 0;
			defaultConfigurationName = Release;
		};
		562CF24B1B95B80900F53479 /* Build configuration list for PBXNativeTarget "百思不得姐" */ = {
			isa = XCConfigurationList;
			buildConfigurations = (
				562CF24C1B95B80900F53479 /* Debug */,
				562CF24D1B95B80900F53479 /* Release */,
			);
			defaultConfigurationIsVisible = 0;
			defaultConfigurationName = Release;
		};
		562CF24E1B95B80900F53479 /* Build configuration list for PBXNativeTarget "百思不得姐Tests" */ = {
			isa = XCConfigurationList;
			buildConfigurations = (
				562CF24F1B95B80900F53479 /* Debug */,
				562CF2501B95B80900F53479 /* Release */,
			);
			defaultConfigurationIsVisible = 0;
			defaultConfigurationName = Release;
		};
/* End XCConfigurationList section */
	};
	rootObject = 562CF2201B95B80900F53479 /* Project object */;
}
